// !$*UTF8*$!
{
	archiveVersion = 1;
	classes = {
	};
	objectVersion = 55;
	objects = {

/* Begin PBXBuildFile section */
		C501FC1827E3FAB7008FEFA1 /* ZoomableScrollView.swift in Sources */ = {isa = PBXBuildFile; fileRef = C501FC1727E3FAB7008FEFA1 /* ZoomableScrollView.swift */; };
		C501FC1A27E41FF1008FEFA1 /* ImagePopUp.swift in Sources */ = {isa = PBXBuildFile; fileRef = C501FC1927E41FF1008FEFA1 /* ImagePopUp.swift */; };
		C501FC1C27E4419A008FEFA1 /* BottomPopupView.swift in Sources */ = {isa = PBXBuildFile; fileRef = C501FC1B27E4419A008FEFA1 /* BottomPopupView.swift */; };
		C502D4F927E1A02C0057A65C /* PlaylistEditSheet.swift in Sources */ = {isa = PBXBuildFile; fileRef = C502D4F827E1A02C0057A65C /* PlaylistEditSheet.swift */; };
		C502D4FB27E1A6310057A65C /* SpotEditSheet.swift in Sources */ = {isa = PBXBuildFile; fileRef = C502D4FA27E1A6310057A65C /* SpotEditSheet.swift */; };
		C502D4FD27E1B63D0057A65C /* DiscoverSheetShared.swift in Sources */ = {isa = PBXBuildFile; fileRef = C502D4FC27E1B63D0057A65C /* DiscoverSheetShared.swift */; };
		C5071570282584AC000F344C /* Assets.xcassets in Resources */ = {isa = PBXBuildFile; fileRef = C507156F282584AC000F344C /* Assets.xcassets */; };
		C5071576282584AC000F344C /* MySpotWatch WatchKit Extension.appex in Embed App Extensions */ = {isa = PBXBuildFile; fileRef = C5071575282584AC000F344C /* MySpotWatch WatchKit Extension.appex */; settings = {ATTRIBUTES = (RemoveHeadersOnCopy, ); }; };
		C507157B282584AC000F344C /* My_SpotApp.swift in Sources */ = {isa = PBXBuildFile; fileRef = C507157A282584AC000F344C /* My_SpotApp.swift */; };
		C507157D282584AC000F344C /* ContentView.swift in Sources */ = {isa = PBXBuildFile; fileRef = C507157C282584AC000F344C /* ContentView.swift */; };
		C507157F282584AC000F344C /* NotificationController.swift in Sources */ = {isa = PBXBuildFile; fileRef = C507157E282584AC000F344C /* NotificationController.swift */; };
		C5071581282584AC000F344C /* NotificationView.swift in Sources */ = {isa = PBXBuildFile; fileRef = C5071580282584AC000F344C /* NotificationView.swift */; };
		C5071583282584AC000F344C /* ComplicationController.swift in Sources */ = {isa = PBXBuildFile; fileRef = C5071582282584AC000F344C /* ComplicationController.swift */; };
		C5071585282584AD000F344C /* Assets.xcassets in Resources */ = {isa = PBXBuildFile; fileRef = C5071584282584AD000F344C /* Assets.xcassets */; };
		C5071588282584AD000F344C /* Preview Assets.xcassets in Resources */ = {isa = PBXBuildFile; fileRef = C5071587282584AD000F344C /* Preview Assets.xcassets */; };
		C507158D282584AD000F344C /* My Spot.app in Embed Watch Content */ = {isa = PBXBuildFile; fileRef = C507156D282584AB000F344C /* My Spot.app */; platformFilter = ios; settings = {ATTRIBUTES = (RemoveHeadersOnCopy, ); }; };
		C507159828258645000F344C /* MapViewModel.swift in Sources */ = {isa = PBXBuildFile; fileRef = C507159728258645000F344C /* MapViewModel.swift */; };
		C507159A28258650000F344C /* CloudKitViewModel.swift in Sources */ = {isa = PBXBuildFile; fileRef = C507159928258650000F344C /* CloudKitViewModel.swift */; };
		C507159D282586B1000F344C /* SpotModel.swift in Sources */ = {isa = PBXBuildFile; fileRef = C507159C282586B1000F344C /* SpotModel.swift */; };
		C507159E28258FA8000F344C /* Localizable.strings in Resources */ = {isa = PBXBuildFile; fileRef = C56011B72800E66A00C49597 /* Localizable.strings */; };
		C507159F28258FA8000F344C /* Localizable.strings in Resources */ = {isa = PBXBuildFile; fileRef = C56011B72800E66A00C49597 /* Localizable.strings */; };
		C50715A028258FF1000F344C /* Assets.xcassets in Resources */ = {isa = PBXBuildFile; fileRef = C507156F282584AC000F344C /* Assets.xcassets */; };
		C50715A2282596EF000F344C /* ListView.swift in Sources */ = {isa = PBXBuildFile; fileRef = C50715A1282596EF000F344C /* ListView.swift */; };
		C50715A728259CB3000F344C /* DetailView.swift in Sources */ = {isa = PBXBuildFile; fileRef = C50715A628259CB3000F344C /* DetailView.swift */; };
		C50715A928259CD2000F344C /* RowView.swift in Sources */ = {isa = PBXBuildFile; fileRef = C50715A828259CD2000F344C /* RowView.swift */; };
		C50715AB28259EB5000F344C /* CloudKit.framework in Frameworks */ = {isa = PBXBuildFile; fileRef = C50715AA28259EB5000F344C /* CloudKit.framework */; };
		C50CF4A627F122DB001A9698 /* Mantis in Frameworks */ = {isa = PBXBuildFile; productRef = C50CF4A527F122DB001A9698 /* Mantis */; };
		C50CF4A827F12328001A9698 /* MantisPhotoCropper.swift in Sources */ = {isa = PBXBuildFile; fileRef = C50CF4A727F12328001A9698 /* MantisPhotoCropper.swift */; };
		C50CF4AA27F13915001A9698 /* ChoosePhoto.swift in Sources */ = {isa = PBXBuildFile; fileRef = C50CF4A927F13915001A9698 /* ChoosePhoto.swift */; };
		C50CF4AE27F395E2001A9698 /* SettingsView.swift in Sources */ = {isa = PBXBuildFile; fileRef = C50CF4AD27F395E2001A9698 /* SettingsView.swift */; };
		C50CF4B027F3CD4C001A9698 /* SetUpNewSpotNoti.swift in Sources */ = {isa = PBXBuildFile; fileRef = C50CF4AF27F3CD4C001A9698 /* SetUpNewSpotNoti.swift */; };
		C51503AE27D7C347009F0DCD /* My_SpotApp.swift in Sources */ = {isa = PBXBuildFile; fileRef = C51503AD27D7C347009F0DCD /* My_SpotApp.swift */; };
		C51503B027D7C347009F0DCD /* ContentView.swift in Sources */ = {isa = PBXBuildFile; fileRef = C51503AF27D7C347009F0DCD /* ContentView.swift */; };
		C51503B227D7C349009F0DCD /* Assets.xcassets in Resources */ = {isa = PBXBuildFile; fileRef = C51503B127D7C349009F0DCD /* Assets.xcassets */; };
		C51503B527D7C349009F0DCD /* Preview Assets.xcassets in Resources */ = {isa = PBXBuildFile; fileRef = C51503B427D7C349009F0DCD /* Preview Assets.xcassets */; };
		C51503C027D7C531009F0DCD /* CloudKit.framework in Frameworks */ = {isa = PBXBuildFile; fileRef = C51503BF27D7C531009F0DCD /* CloudKit.framework */; };
		C51503DD27D7C856009F0DCD /* UIImageTransformer.swift in Sources */ = {isa = PBXBuildFile; fileRef = C51503D427D7C856009F0DCD /* UIImageTransformer.swift */; };
		C51503DE27D7C856009F0DCD /* SpotFromCloud.swift in Sources */ = {isa = PBXBuildFile; fileRef = C51503D527D7C856009F0DCD /* SpotFromCloud.swift */; };
		C51503DF27D7C856009F0DCD /* Playlist+CoreDataClass.swift in Sources */ = {isa = PBXBuildFile; fileRef = C51503D627D7C856009F0DCD /* Playlist+CoreDataClass.swift */; };
		C51503E027D7C856009F0DCD /* Playlist+CoreDataProperties.swift in Sources */ = {isa = PBXBuildFile; fileRef = C51503D727D7C856009F0DCD /* Playlist+CoreDataProperties.swift */; };
		C51503E127D7C856009F0DCD /* Spot+CoreDataClass.swift in Sources */ = {isa = PBXBuildFile; fileRef = C51503D827D7C856009F0DCD /* Spot+CoreDataClass.swift */; };
		C51503E227D7C856009F0DCD /* Spot+CoreDataProperties.swift in Sources */ = {isa = PBXBuildFile; fileRef = C51503D927D7C856009F0DCD /* Spot+CoreDataProperties.swift */; };
		C51503E327D7C856009F0DCD /* CoreDataManager.swift in Sources */ = {isa = PBXBuildFile; fileRef = C51503DA27D7C856009F0DCD /* CoreDataManager.swift */; };
		C51503E427D7C856009F0DCD /* Spots.xcdatamodeld in Sources */ = {isa = PBXBuildFile; fileRef = C51503DB27D7C856009F0DCD /* Spots.xcdatamodeld */; };
		C51503E727D7C87D009F0DCD /* CloudKitViewModel.swift in Sources */ = {isa = PBXBuildFile; fileRef = C51503E627D7C87D009F0DCD /* CloudKitViewModel.swift */; };
		C51503F327D7CA1D009F0DCD /* ViewSingleSpotOnMap.swift in Sources */ = {isa = PBXBuildFile; fileRef = C51503F027D7CA1D009F0DCD /* ViewSingleSpotOnMap.swift */; };
		C51503F427D7CA1D009F0DCD /* MapViewModel.swift in Sources */ = {isa = PBXBuildFile; fileRef = C51503F127D7CA1D009F0DCD /* MapViewModel.swift */; };
		C51503F527D7CA1D009F0DCD /* ViewOnlyUserOnMap.swift in Sources */ = {isa = PBXBuildFile; fileRef = C51503F227D7CA1D009F0DCD /* ViewOnlyUserOnMap.swift */; };
		C51503FC27D7CA60009F0DCD /* MySpotsView.swift in Sources */ = {isa = PBXBuildFile; fileRef = C51503F927D7CA60009F0DCD /* MySpotsView.swift */; };
		C51503FD27D7CA60009F0DCD /* DiscoverView.swift in Sources */ = {isa = PBXBuildFile; fileRef = C51503FA27D7CA60009F0DCD /* DiscoverView.swift */; };
		C51503FE27D7CA60009F0DCD /* PlaylistView.swift in Sources */ = {isa = PBXBuildFile; fileRef = C51503FB27D7CA60009F0DCD /* PlaylistView.swift */; };
		C515040227D7CA72009F0DCD /* SpotRow.swift in Sources */ = {isa = PBXBuildFile; fileRef = C51503FF27D7CA72009F0DCD /* SpotRow.swift */; };
		C515040327D7CA72009F0DCD /* AddSpotSheet.swift in Sources */ = {isa = PBXBuildFile; fileRef = C515040027D7CA72009F0DCD /* AddSpotSheet.swift */; };
		C515040427D7CA72009F0DCD /* DetailView.swift in Sources */ = {isa = PBXBuildFile; fileRef = C515040127D7CA72009F0DCD /* DetailView.swift */; };
		C515040727D7CA7B009F0DCD /* DiscoverRow.swift in Sources */ = {isa = PBXBuildFile; fileRef = C515040527D7CA7B009F0DCD /* DiscoverRow.swift */; };
		C515040827D7CA7B009F0DCD /* DiscoverDetailView.swift in Sources */ = {isa = PBXBuildFile; fileRef = C515040627D7CA7B009F0DCD /* DiscoverDetailView.swift */; };
		C515040D27D7CA87009F0DCD /* DetailedPlaylistView.swift in Sources */ = {isa = PBXBuildFile; fileRef = C515040927D7CA87009F0DCD /* DetailedPlaylistView.swift */; };
		C515040E27D7CA87009F0DCD /* PlaylistRow.swift in Sources */ = {isa = PBXBuildFile; fileRef = C515040A27D7CA87009F0DCD /* PlaylistRow.swift */; };
		C515040F27D7CA87009F0DCD /* AddSpotToPlaylistSheet.swift in Sources */ = {isa = PBXBuildFile; fileRef = C515040B27D7CA87009F0DCD /* AddSpotToPlaylistSheet.swift */; };
		C515041027D7CA87009F0DCD /* AddPlaylistSheet.swift in Sources */ = {isa = PBXBuildFile; fileRef = C515040C27D7CA87009F0DCD /* AddPlaylistSheet.swift */; };
		C515041427D7CAA3009F0DCD /* ViewMapSpots.swift in Sources */ = {isa = PBXBuildFile; fileRef = C515041127D7CAA3009F0DCD /* ViewMapSpots.swift */; };
		C515041527D7CAA3009F0DCD /* SpotMapPreview.swift in Sources */ = {isa = PBXBuildFile; fileRef = C515041227D7CAA3009F0DCD /* SpotMapPreview.swift */; };
		C515041627D7CAA3009F0DCD /* MapAnnotationView.swift in Sources */ = {isa = PBXBuildFile; fileRef = C515041327D7CAA3009F0DCD /* MapAnnotationView.swift */; };
		C515041A27D7CAAA009F0DCD /* DiscoverMapPreview.swift in Sources */ = {isa = PBXBuildFile; fileRef = C515041727D7CAAA009F0DCD /* DiscoverMapPreview.swift */; };
		C515041B27D7CAAA009F0DCD /* MapAnnotationDiscover.swift in Sources */ = {isa = PBXBuildFile; fileRef = C515041827D7CAAA009F0DCD /* MapAnnotationDiscover.swift */; };
		C515041C27D7CAAA009F0DCD /* ViewDiscoverSpots.swift in Sources */ = {isa = PBXBuildFile; fileRef = C515041927D7CAAA009F0DCD /* ViewDiscoverSpots.swift */; };
		C515041E27D7CAB1009F0DCD /* ViewPlaylistMap.swift in Sources */ = {isa = PBXBuildFile; fileRef = C515041D27D7CAB1009F0DCD /* ViewPlaylistMap.swift */; };
		C515042327D7CAC6009F0DCD /* Constants.swift in Sources */ = {isa = PBXBuildFile; fileRef = C515042027D7CAC6009F0DCD /* Constants.swift */; };
		C515042427D7CAC6009F0DCD /* TakePhoto.swift in Sources */ = {isa = PBXBuildFile; fileRef = C515042127D7CAC6009F0DCD /* TakePhoto.swift */; };
		C515042527D7CAC6009F0DCD /* UIEmojiTextField.swift in Sources */ = {isa = PBXBuildFile; fileRef = C515042227D7CAC6009F0DCD /* UIEmojiTextField.swift */; };
		C515042927D8540A009F0DCD /* TabController.swift in Sources */ = {isa = PBXBuildFile; fileRef = C515042827D8540A009F0DCD /* TabController.swift */; };
		C515042C27D95225009F0DCD /* LaunchScreen.storyboard in Resources */ = {isa = PBXBuildFile; fileRef = C515042B27D95225009F0DCD /* LaunchScreen.storyboard */; };
		C5266ACD283EBF0000A923A1 /* Messages.framework in Frameworks */ = {isa = PBXBuildFile; fileRef = C5266ACC283EBF0000A923A1 /* Messages.framework */; };
		C5266AD0283EBF0000A923A1 /* MessagesViewController.swift in Sources */ = {isa = PBXBuildFile; fileRef = C5266ACF283EBF0000A923A1 /* MessagesViewController.swift */; };
		C5266AD3283EBF0000A923A1 /* MainInterface.storyboard in Resources */ = {isa = PBXBuildFile; fileRef = C5266AD1283EBF0000A923A1 /* MainInterface.storyboard */; };
		C5266AD5283EBF0100A923A1 /* Assets.xcassets in Resources */ = {isa = PBXBuildFile; fileRef = C5266AD4283EBF0100A923A1 /* Assets.xcassets */; };
		C5266AD9283EBF0100A923A1 /* mySpotiMsg.appex in Embed App Extensions */ = {isa = PBXBuildFile; fileRef = C5266ACB283EBF0000A923A1 /* mySpotiMsg.appex */; platformFilter = ios; settings = {ATTRIBUTES = (RemoveHeadersOnCopy, ); }; };
		C54792DA2841795E005F1D2D /* Localizable.strings in Resources */ = {isa = PBXBuildFile; fileRef = C56011B72800E66A00C49597 /* Localizable.strings */; };
		C5552CC22826472900AF2683 /* PhoneViewModel.swift in Sources */ = {isa = PBXBuildFile; fileRef = C5552CC12826472800AF2683 /* PhoneViewModel.swift */; };
		C5552CC42826482A00AF2683 /* WatchViewModel.swift in Sources */ = {isa = PBXBuildFile; fileRef = C5552CC32826482A00AF2683 /* WatchViewModel.swift */; };
		C5552CC728266EB600AF2683 /* MapView.swift in Sources */ = {isa = PBXBuildFile; fileRef = C5552CC628266EB600AF2683 /* MapView.swift */; };
		C5552CC928274CB400AF2683 /* DescriptionView.swift in Sources */ = {isa = PBXBuildFile; fileRef = C5552CC828274CB400AF2683 /* DescriptionView.swift */; };
		C5552CCB2827616600AF2683 /* AppDelegate.swift in Sources */ = {isa = PBXBuildFile; fileRef = C5552CCA2827616600AF2683 /* AppDelegate.swift */; };
		C5552CCD2827696500AF2683 /* NotificationView.swift in Sources */ = {isa = PBXBuildFile; fileRef = C5552CCC2827696500AF2683 /* NotificationView.swift */; };
		C5552CCF2828207500AF2683 /* DiscoverDetailNotification.swift in Sources */ = {isa = PBXBuildFile; fileRef = C5552CCE2828207500AF2683 /* DiscoverDetailNotification.swift */; };
		C5552CD128298E6900AF2683 /* CloudSharingController.swift in Sources */ = {isa = PBXBuildFile; fileRef = C5552CD028298E6900AF2683 /* CloudSharingController.swift */; };
		C56011B52800E66A00C49597 /* Localizable.strings in Resources */ = {isa = PBXBuildFile; fileRef = C56011B72800E66A00C49597 /* Localizable.strings */; };
		C56F499F27E05CE300BCBB8F /* Extensions.swift in Sources */ = {isa = PBXBuildFile; fileRef = C56F499E27E05CE300BCBB8F /* Extensions.swift */; };
		C587027427E27F1900DFB6C4 /* MailViewCallback.swift in Sources */ = {isa = PBXBuildFile; fileRef = C587027327E27F1900DFB6C4 /* MailViewCallback.swift */; };
		C587B46B2854F472007C3263 /* DatePickerSheet.swift in Sources */ = {isa = PBXBuildFile; fileRef = C587B46A2854F472007C3263 /* DatePickerSheet.swift */; };
		C58F2BF62830AA42005FA88F /* WelcomeSheet in Frameworks */ = {isa = PBXBuildFile; productRef = C58F2BF52830AA42005FA88F /* WelcomeSheet */; };
		C594BB82284D37730012DA6C /* AccountModel.swift in Sources */ = {isa = PBXBuildFile; fileRef = C594BB81284D37730012DA6C /* AccountModel.swift */; };
		C5B01354284AD15B00121163 /* CreateAccountView.swift in Sources */ = {isa = PBXBuildFile; fileRef = C5B01353284AD15B00121163 /* CreateAccountView.swift */; };
		C5D2954C2823719100FBA01E /* WidgetKit.framework in Frameworks */ = {isa = PBXBuildFile; fileRef = C5D2954B2823719100FBA01E /* WidgetKit.framework */; };
		C5D2954E2823719100FBA01E /* SwiftUI.framework in Frameworks */ = {isa = PBXBuildFile; fileRef = C5D2954D2823719100FBA01E /* SwiftUI.framework */; };
		C5D295512823719100FBA01E /* MySpotWidget.swift in Sources */ = {isa = PBXBuildFile; fileRef = C5D295502823719100FBA01E /* MySpotWidget.swift */; };
		C5D295542823719300FBA01E /* Assets.xcassets in Resources */ = {isa = PBXBuildFile; fileRef = C5D295532823719300FBA01E /* Assets.xcassets */; };
		C5D295562823719300FBA01E /* MySpotWidget.intentdefinition in Sources */ = {isa = PBXBuildFile; fileRef = C5D295522823719100FBA01E /* MySpotWidget.intentdefinition */; };
		C5D295572823719300FBA01E /* MySpotWidget.intentdefinition in Sources */ = {isa = PBXBuildFile; fileRef = C5D295522823719100FBA01E /* MySpotWidget.intentdefinition */; };
		C5D2955A2823719300FBA01E /* MySpotWidgetExtension.appex in Embed App Extensions */ = {isa = PBXBuildFile; fileRef = C5D2954A2823719100FBA01E /* MySpotWidgetExtension.appex */; platformFilter = ios; settings = {ATTRIBUTES = (RemoveHeadersOnCopy, ); }; };
		C5D2956028238CA400FBA01E /* CloudKit.framework in Frameworks */ = {isa = PBXBuildFile; fileRef = C51503BF27D7C531009F0DCD /* CloudKit.framework */; };
		C5D29561282504D700FBA01E /* Localizable.strings in Resources */ = {isa = PBXBuildFile; fileRef = C56011B72800E66A00C49597 /* Localizable.strings */; };
		C5F10910284BEE7E00B71CBC /* AccountDetailView.swift in Sources */ = {isa = PBXBuildFile; fileRef = C5F1090F284BEE7E00B71CBC /* AccountDetailView.swift */; };
		C5F10912284BFBCD00B71CBC /* DiscoverDetailAccountSpots.swift in Sources */ = {isa = PBXBuildFile; fileRef = C5F10911284BFBCD00B71CBC /* DiscoverDetailAccountSpots.swift */; };
		C5F10914284C49DD00B71CBC /* ShareViewController.swift in Sources */ = {isa = PBXBuildFile; fileRef = C5F10913284C49DD00B71CBC /* ShareViewController.swift */; };
/* End PBXBuildFile section */

/* Begin PBXContainerItemProxy section */
		C5071577282584AC000F344C /* PBXContainerItemProxy */ = {
			isa = PBXContainerItemProxy;
			containerPortal = C51503A227D7C347009F0DCD /* Project object */;
			proxyType = 1;
			remoteGlobalIDString = C5071574282584AC000F344C;
			remoteInfo = "MySpotWatch WatchKit Extension";
		};
		C507158B282584AD000F344C /* PBXContainerItemProxy */ = {
			isa = PBXContainerItemProxy;
			containerPortal = C51503A227D7C347009F0DCD /* Project object */;
			proxyType = 1;
			remoteGlobalIDString = C507156C282584AB000F344C;
			remoteInfo = MySpotWatch;
		};
		C5266AD7283EBF0100A923A1 /* PBXContainerItemProxy */ = {
			isa = PBXContainerItemProxy;
			containerPortal = C51503A227D7C347009F0DCD /* Project object */;
			proxyType = 1;
			remoteGlobalIDString = C5266ACA283EBF0000A923A1;
			remoteInfo = mySpotiMsg;
		};
		C5D295582823719300FBA01E /* PBXContainerItemProxy */ = {
			isa = PBXContainerItemProxy;
			containerPortal = C51503A227D7C347009F0DCD /* Project object */;
			proxyType = 1;
			remoteGlobalIDString = C5D295492823719100FBA01E;
			remoteInfo = MySpotWidgetExtension;
		};
/* End PBXContainerItemProxy section */

/* Begin PBXCopyFilesBuildPhase section */
		C507158E282584AD000F344C /* Embed Watch Content */ = {
			isa = PBXCopyFilesBuildPhase;
			buildActionMask = 2147483647;
			dstPath = "$(CONTENTS_FOLDER_PATH)/Watch";
			dstSubfolderSpec = 16;
			files = (
				C507158D282584AD000F344C /* My Spot.app in Embed Watch Content */,
			);
			name = "Embed Watch Content";
			runOnlyForDeploymentPostprocessing = 0;
		};
		C5071591282584AD000F344C /* Embed App Extensions */ = {
			isa = PBXCopyFilesBuildPhase;
			buildActionMask = 2147483647;
			dstPath = "";
			dstSubfolderSpec = 13;
			files = (
				C5071576282584AC000F344C /* MySpotWatch WatchKit Extension.appex in Embed App Extensions */,
			);
			name = "Embed App Extensions";
			runOnlyForDeploymentPostprocessing = 0;
		};
		C5D2955E2823719300FBA01E /* Embed App Extensions */ = {
			isa = PBXCopyFilesBuildPhase;
			buildActionMask = 2147483647;
			dstPath = "";
			dstSubfolderSpec = 13;
			files = (
				C5266AD9283EBF0100A923A1 /* mySpotiMsg.appex in Embed App Extensions */,
				C5D2955A2823719300FBA01E /* MySpotWidgetExtension.appex in Embed App Extensions */,
			);
			name = "Embed App Extensions";
			runOnlyForDeploymentPostprocessing = 0;
		};
/* End PBXCopyFilesBuildPhase section */

/* Begin PBXFileReference section */
		C501FC1727E3FAB7008FEFA1 /* ZoomableScrollView.swift */ = {isa = PBXFileReference; lastKnownFileType = sourcecode.swift; path = ZoomableScrollView.swift; sourceTree = "<group>"; };
		C501FC1927E41FF1008FEFA1 /* ImagePopUp.swift */ = {isa = PBXFileReference; lastKnownFileType = sourcecode.swift; path = ImagePopUp.swift; sourceTree = "<group>"; };
		C501FC1B27E4419A008FEFA1 /* BottomPopupView.swift */ = {isa = PBXFileReference; lastKnownFileType = sourcecode.swift; path = BottomPopupView.swift; sourceTree = "<group>"; };
		C502D4F827E1A02C0057A65C /* PlaylistEditSheet.swift */ = {isa = PBXFileReference; lastKnownFileType = sourcecode.swift; path = PlaylistEditSheet.swift; sourceTree = "<group>"; };
		C502D4FA27E1A6310057A65C /* SpotEditSheet.swift */ = {isa = PBXFileReference; lastKnownFileType = sourcecode.swift; path = SpotEditSheet.swift; sourceTree = "<group>"; };
		C502D4FC27E1B63D0057A65C /* DiscoverSheetShared.swift */ = {isa = PBXFileReference; lastKnownFileType = sourcecode.swift; path = DiscoverSheetShared.swift; sourceTree = "<group>"; };
		C507156D282584AB000F344C /* My Spot.app */ = {isa = PBXFileReference; explicitFileType = wrapper.application; includeInIndex = 0; path = "My Spot.app"; sourceTree = BUILT_PRODUCTS_DIR; };
		C507156F282584AC000F344C /* Assets.xcassets */ = {isa = PBXFileReference; lastKnownFileType = folder.assetcatalog; path = Assets.xcassets; sourceTree = "<group>"; };
		C5071575282584AC000F344C /* MySpotWatch WatchKit Extension.appex */ = {isa = PBXFileReference; explicitFileType = "wrapper.app-extension"; includeInIndex = 0; path = "MySpotWatch WatchKit Extension.appex"; sourceTree = BUILT_PRODUCTS_DIR; };
		C507157A282584AC000F344C /* My_SpotApp.swift */ = {isa = PBXFileReference; lastKnownFileType = sourcecode.swift; path = My_SpotApp.swift; sourceTree = "<group>"; };
		C507157C282584AC000F344C /* ContentView.swift */ = {isa = PBXFileReference; lastKnownFileType = sourcecode.swift; path = ContentView.swift; sourceTree = "<group>"; };
		C507157E282584AC000F344C /* NotificationController.swift */ = {isa = PBXFileReference; lastKnownFileType = sourcecode.swift; path = NotificationController.swift; sourceTree = "<group>"; };
		C5071580282584AC000F344C /* NotificationView.swift */ = {isa = PBXFileReference; lastKnownFileType = sourcecode.swift; path = NotificationView.swift; sourceTree = "<group>"; };
		C5071582282584AC000F344C /* ComplicationController.swift */ = {isa = PBXFileReference; lastKnownFileType = sourcecode.swift; path = ComplicationController.swift; sourceTree = "<group>"; };
		C5071584282584AD000F344C /* Assets.xcassets */ = {isa = PBXFileReference; lastKnownFileType = folder.assetcatalog; path = Assets.xcassets; sourceTree = "<group>"; };
		C5071587282584AD000F344C /* Preview Assets.xcassets */ = {isa = PBXFileReference; lastKnownFileType = folder.assetcatalog; path = "Preview Assets.xcassets"; sourceTree = "<group>"; };
		C5071589282584AD000F344C /* Info.plist */ = {isa = PBXFileReference; lastKnownFileType = text.plist.xml; path = Info.plist; sourceTree = "<group>"; };
		C507158A282584AD000F344C /* PushNotificationPayload.apns */ = {isa = PBXFileReference; lastKnownFileType = text; path = PushNotificationPayload.apns; sourceTree = "<group>"; };
		C507159728258645000F344C /* MapViewModel.swift */ = {isa = PBXFileReference; lastKnownFileType = sourcecode.swift; path = MapViewModel.swift; sourceTree = "<group>"; };
		C507159928258650000F344C /* CloudKitViewModel.swift */ = {isa = PBXFileReference; lastKnownFileType = sourcecode.swift; path = CloudKitViewModel.swift; sourceTree = "<group>"; };
		C507159C282586B1000F344C /* SpotModel.swift */ = {isa = PBXFileReference; lastKnownFileType = sourcecode.swift; path = SpotModel.swift; sourceTree = "<group>"; };
		C50715A1282596EF000F344C /* ListView.swift */ = {isa = PBXFileReference; lastKnownFileType = sourcecode.swift; path = ListView.swift; sourceTree = "<group>"; };
		C50715A3282597A3000F344C /* MySpotWatch.entitlements */ = {isa = PBXFileReference; lastKnownFileType = text.plist.entitlements; path = MySpotWatch.entitlements; sourceTree = "<group>"; };
		C50715A4282597AB000F344C /* MySpotWatch WatchKit Extension.entitlements */ = {isa = PBXFileReference; lastKnownFileType = text.plist.entitlements; path = "MySpotWatch WatchKit Extension.entitlements"; sourceTree = "<group>"; };
		C50715A628259CB3000F344C /* DetailView.swift */ = {isa = PBXFileReference; lastKnownFileType = sourcecode.swift; path = DetailView.swift; sourceTree = "<group>"; };
		C50715A828259CD2000F344C /* RowView.swift */ = {isa = PBXFileReference; lastKnownFileType = sourcecode.swift; path = RowView.swift; sourceTree = "<group>"; };
		C50715AA28259EB5000F344C /* CloudKit.framework */ = {isa = PBXFileReference; lastKnownFileType = wrapper.framework; name = CloudKit.framework; path = Platforms/WatchOS.platform/Developer/SDKs/WatchOS8.5.sdk/System/Library/Frameworks/CloudKit.framework; sourceTree = DEVELOPER_DIR; };
		C50CF4A727F12328001A9698 /* MantisPhotoCropper.swift */ = {isa = PBXFileReference; lastKnownFileType = sourcecode.swift; path = MantisPhotoCropper.swift; sourceTree = "<group>"; };
		C50CF4A927F13915001A9698 /* ChoosePhoto.swift */ = {isa = PBXFileReference; lastKnownFileType = sourcecode.swift; path = ChoosePhoto.swift; sourceTree = "<group>"; };
		C50CF4AD27F395E2001A9698 /* SettingsView.swift */ = {isa = PBXFileReference; lastKnownFileType = sourcecode.swift; path = SettingsView.swift; sourceTree = "<group>"; };
		C50CF4AF27F3CD4C001A9698 /* SetUpNewSpotNoti.swift */ = {isa = PBXFileReference; lastKnownFileType = sourcecode.swift; path = SetUpNewSpotNoti.swift; sourceTree = "<group>"; };
		C51503AA27D7C347009F0DCD /* My Spot.app */ = {isa = PBXFileReference; explicitFileType = wrapper.application; includeInIndex = 0; path = "My Spot.app"; sourceTree = BUILT_PRODUCTS_DIR; };
		C51503AD27D7C347009F0DCD /* My_SpotApp.swift */ = {isa = PBXFileReference; lastKnownFileType = sourcecode.swift; path = My_SpotApp.swift; sourceTree = "<group>"; };
		C51503AF27D7C347009F0DCD /* ContentView.swift */ = {isa = PBXFileReference; lastKnownFileType = sourcecode.swift; path = ContentView.swift; sourceTree = "<group>"; };
		C51503B127D7C349009F0DCD /* Assets.xcassets */ = {isa = PBXFileReference; lastKnownFileType = folder.assetcatalog; path = Assets.xcassets; sourceTree = "<group>"; };
		C51503B427D7C349009F0DCD /* Preview Assets.xcassets */ = {isa = PBXFileReference; lastKnownFileType = folder.assetcatalog; path = "Preview Assets.xcassets"; sourceTree = "<group>"; };
		C51503BD27D7C52C009F0DCD /* My Spot.entitlements */ = {isa = PBXFileReference; lastKnownFileType = text.plist.entitlements; path = "My Spot.entitlements"; sourceTree = "<group>"; };
		C51503BF27D7C531009F0DCD /* CloudKit.framework */ = {isa = PBXFileReference; lastKnownFileType = wrapper.framework; name = CloudKit.framework; path = System/Library/Frameworks/CloudKit.framework; sourceTree = SDKROOT; };
		C51503D427D7C856009F0DCD /* UIImageTransformer.swift */ = {isa = PBXFileReference; fileEncoding = 4; lastKnownFileType = sourcecode.swift; path = UIImageTransformer.swift; sourceTree = "<group>"; };
		C51503D527D7C856009F0DCD /* SpotFromCloud.swift */ = {isa = PBXFileReference; fileEncoding = 4; lastKnownFileType = sourcecode.swift; path = SpotFromCloud.swift; sourceTree = "<group>"; };
		C51503D627D7C856009F0DCD /* Playlist+CoreDataClass.swift */ = {isa = PBXFileReference; fileEncoding = 4; lastKnownFileType = sourcecode.swift; path = "Playlist+CoreDataClass.swift"; sourceTree = "<group>"; };
		C51503D727D7C856009F0DCD /* Playlist+CoreDataProperties.swift */ = {isa = PBXFileReference; fileEncoding = 4; lastKnownFileType = sourcecode.swift; path = "Playlist+CoreDataProperties.swift"; sourceTree = "<group>"; };
		C51503D827D7C856009F0DCD /* Spot+CoreDataClass.swift */ = {isa = PBXFileReference; fileEncoding = 4; lastKnownFileType = sourcecode.swift; path = "Spot+CoreDataClass.swift"; sourceTree = "<group>"; };
		C51503D927D7C856009F0DCD /* Spot+CoreDataProperties.swift */ = {isa = PBXFileReference; fileEncoding = 4; lastKnownFileType = sourcecode.swift; path = "Spot+CoreDataProperties.swift"; sourceTree = "<group>"; };
		C51503DA27D7C856009F0DCD /* CoreDataManager.swift */ = {isa = PBXFileReference; fileEncoding = 4; lastKnownFileType = sourcecode.swift; path = CoreDataManager.swift; sourceTree = "<group>"; };
		C51503DC27D7C856009F0DCD /* Spots.xcdatamodel */ = {isa = PBXFileReference; lastKnownFileType = wrapper.xcdatamodel; path = Spots.xcdatamodel; sourceTree = "<group>"; };
		C51503E627D7C87D009F0DCD /* CloudKitViewModel.swift */ = {isa = PBXFileReference; fileEncoding = 4; lastKnownFileType = sourcecode.swift; path = CloudKitViewModel.swift; sourceTree = "<group>"; };
		C51503F027D7CA1D009F0DCD /* ViewSingleSpotOnMap.swift */ = {isa = PBXFileReference; fileEncoding = 4; lastKnownFileType = sourcecode.swift; path = ViewSingleSpotOnMap.swift; sourceTree = "<group>"; };
		C51503F127D7CA1D009F0DCD /* MapViewModel.swift */ = {isa = PBXFileReference; fileEncoding = 4; lastKnownFileType = sourcecode.swift; path = MapViewModel.swift; sourceTree = "<group>"; };
		C51503F227D7CA1D009F0DCD /* ViewOnlyUserOnMap.swift */ = {isa = PBXFileReference; fileEncoding = 4; lastKnownFileType = sourcecode.swift; path = ViewOnlyUserOnMap.swift; sourceTree = "<group>"; };
		C51503F927D7CA60009F0DCD /* MySpotsView.swift */ = {isa = PBXFileReference; fileEncoding = 4; lastKnownFileType = sourcecode.swift; path = MySpotsView.swift; sourceTree = "<group>"; };
		C51503FA27D7CA60009F0DCD /* DiscoverView.swift */ = {isa = PBXFileReference; fileEncoding = 4; lastKnownFileType = sourcecode.swift; path = DiscoverView.swift; sourceTree = "<group>"; };
		C51503FB27D7CA60009F0DCD /* PlaylistView.swift */ = {isa = PBXFileReference; fileEncoding = 4; lastKnownFileType = sourcecode.swift; path = PlaylistView.swift; sourceTree = "<group>"; };
		C51503FF27D7CA72009F0DCD /* SpotRow.swift */ = {isa = PBXFileReference; fileEncoding = 4; lastKnownFileType = sourcecode.swift; path = SpotRow.swift; sourceTree = "<group>"; };
		C515040027D7CA72009F0DCD /* AddSpotSheet.swift */ = {isa = PBXFileReference; fileEncoding = 4; lastKnownFileType = sourcecode.swift; path = AddSpotSheet.swift; sourceTree = "<group>"; };
		C515040127D7CA72009F0DCD /* DetailView.swift */ = {isa = PBXFileReference; fileEncoding = 4; lastKnownFileType = sourcecode.swift; path = DetailView.swift; sourceTree = "<group>"; };
		C515040527D7CA7B009F0DCD /* DiscoverRow.swift */ = {isa = PBXFileReference; fileEncoding = 4; lastKnownFileType = sourcecode.swift; path = DiscoverRow.swift; sourceTree = "<group>"; };
		C515040627D7CA7B009F0DCD /* DiscoverDetailView.swift */ = {isa = PBXFileReference; fileEncoding = 4; lastKnownFileType = sourcecode.swift; path = DiscoverDetailView.swift; sourceTree = "<group>"; };
		C515040927D7CA87009F0DCD /* DetailedPlaylistView.swift */ = {isa = PBXFileReference; fileEncoding = 4; lastKnownFileType = sourcecode.swift; path = DetailedPlaylistView.swift; sourceTree = "<group>"; };
		C515040A27D7CA87009F0DCD /* PlaylistRow.swift */ = {isa = PBXFileReference; fileEncoding = 4; lastKnownFileType = sourcecode.swift; path = PlaylistRow.swift; sourceTree = "<group>"; };
		C515040B27D7CA87009F0DCD /* AddSpotToPlaylistSheet.swift */ = {isa = PBXFileReference; fileEncoding = 4; lastKnownFileType = sourcecode.swift; path = AddSpotToPlaylistSheet.swift; sourceTree = "<group>"; };
		C515040C27D7CA87009F0DCD /* AddPlaylistSheet.swift */ = {isa = PBXFileReference; fileEncoding = 4; lastKnownFileType = sourcecode.swift; path = AddPlaylistSheet.swift; sourceTree = "<group>"; };
		C515041127D7CAA3009F0DCD /* ViewMapSpots.swift */ = {isa = PBXFileReference; fileEncoding = 4; lastKnownFileType = sourcecode.swift; path = ViewMapSpots.swift; sourceTree = "<group>"; };
		C515041227D7CAA3009F0DCD /* SpotMapPreview.swift */ = {isa = PBXFileReference; fileEncoding = 4; lastKnownFileType = sourcecode.swift; path = SpotMapPreview.swift; sourceTree = "<group>"; };
		C515041327D7CAA3009F0DCD /* MapAnnotationView.swift */ = {isa = PBXFileReference; fileEncoding = 4; lastKnownFileType = sourcecode.swift; path = MapAnnotationView.swift; sourceTree = "<group>"; };
		C515041727D7CAAA009F0DCD /* DiscoverMapPreview.swift */ = {isa = PBXFileReference; fileEncoding = 4; lastKnownFileType = sourcecode.swift; path = DiscoverMapPreview.swift; sourceTree = "<group>"; };
		C515041827D7CAAA009F0DCD /* MapAnnotationDiscover.swift */ = {isa = PBXFileReference; fileEncoding = 4; lastKnownFileType = sourcecode.swift; path = MapAnnotationDiscover.swift; sourceTree = "<group>"; };
		C515041927D7CAAA009F0DCD /* ViewDiscoverSpots.swift */ = {isa = PBXFileReference; fileEncoding = 4; lastKnownFileType = sourcecode.swift; path = ViewDiscoverSpots.swift; sourceTree = "<group>"; };
		C515041D27D7CAB1009F0DCD /* ViewPlaylistMap.swift */ = {isa = PBXFileReference; fileEncoding = 4; lastKnownFileType = sourcecode.swift; path = ViewPlaylistMap.swift; sourceTree = "<group>"; };
		C515042027D7CAC6009F0DCD /* Constants.swift */ = {isa = PBXFileReference; fileEncoding = 4; lastKnownFileType = sourcecode.swift; path = Constants.swift; sourceTree = "<group>"; };
		C515042127D7CAC6009F0DCD /* TakePhoto.swift */ = {isa = PBXFileReference; fileEncoding = 4; lastKnownFileType = sourcecode.swift; path = TakePhoto.swift; sourceTree = "<group>"; };
		C515042227D7CAC6009F0DCD /* UIEmojiTextField.swift */ = {isa = PBXFileReference; fileEncoding = 4; lastKnownFileType = sourcecode.swift; path = UIEmojiTextField.swift; sourceTree = "<group>"; };
		C515042827D8540A009F0DCD /* TabController.swift */ = {isa = PBXFileReference; lastKnownFileType = sourcecode.swift; path = TabController.swift; sourceTree = "<group>"; };
		C515042A27D95154009F0DCD /* My-Spot-Info.plist */ = {isa = PBXFileReference; lastKnownFileType = text.plist; path = "My-Spot-Info.plist"; sourceTree = SOURCE_ROOT; };
		C515042B27D95225009F0DCD /* LaunchScreen.storyboard */ = {isa = PBXFileReference; lastKnownFileType = file.storyboard; path = LaunchScreen.storyboard; sourceTree = "<group>"; };
		C5266ACB283EBF0000A923A1 /* mySpotiMsg.appex */ = {isa = PBXFileReference; explicitFileType = "wrapper.app-extension"; includeInIndex = 0; path = mySpotiMsg.appex; sourceTree = BUILT_PRODUCTS_DIR; };
		C5266ACC283EBF0000A923A1 /* Messages.framework */ = {isa = PBXFileReference; lastKnownFileType = wrapper.framework; name = Messages.framework; path = System/Library/Frameworks/Messages.framework; sourceTree = SDKROOT; };
		C5266ACF283EBF0000A923A1 /* MessagesViewController.swift */ = {isa = PBXFileReference; lastKnownFileType = sourcecode.swift; path = MessagesViewController.swift; sourceTree = "<group>"; };
		C5266AD2283EBF0000A923A1 /* Base */ = {isa = PBXFileReference; lastKnownFileType = file.storyboard; name = Base; path = Base.lproj/MainInterface.storyboard; sourceTree = "<group>"; };
		C5266AD4283EBF0100A923A1 /* Assets.xcassets */ = {isa = PBXFileReference; lastKnownFileType = folder.assetcatalog; path = Assets.xcassets; sourceTree = "<group>"; };
		C5266AD6283EBF0100A923A1 /* Info.plist */ = {isa = PBXFileReference; lastKnownFileType = text.plist.xml; path = Info.plist; sourceTree = "<group>"; };
		C5266ADD283ECDDD00A923A1 /* mySpotiMsg.entitlements */ = {isa = PBXFileReference; lastKnownFileType = text.plist.entitlements; path = mySpotiMsg.entitlements; sourceTree = "<group>"; };
		C5552CC12826472800AF2683 /* PhoneViewModel.swift */ = {isa = PBXFileReference; lastKnownFileType = sourcecode.swift; path = PhoneViewModel.swift; sourceTree = "<group>"; };
		C5552CC32826482A00AF2683 /* WatchViewModel.swift */ = {isa = PBXFileReference; lastKnownFileType = sourcecode.swift; path = WatchViewModel.swift; sourceTree = "<group>"; };
		C5552CC628266EB600AF2683 /* MapView.swift */ = {isa = PBXFileReference; lastKnownFileType = sourcecode.swift; path = MapView.swift; sourceTree = "<group>"; };
		C5552CC828274CB400AF2683 /* DescriptionView.swift */ = {isa = PBXFileReference; lastKnownFileType = sourcecode.swift; path = DescriptionView.swift; sourceTree = "<group>"; };
		C5552CCA2827616600AF2683 /* AppDelegate.swift */ = {isa = PBXFileReference; lastKnownFileType = sourcecode.swift; path = AppDelegate.swift; sourceTree = "<group>"; };
		C5552CCC2827696500AF2683 /* NotificationView.swift */ = {isa = PBXFileReference; lastKnownFileType = sourcecode.swift; path = NotificationView.swift; sourceTree = "<group>"; };
		C5552CCE2828207500AF2683 /* DiscoverDetailNotification.swift */ = {isa = PBXFileReference; lastKnownFileType = sourcecode.swift; path = DiscoverDetailNotification.swift; sourceTree = "<group>"; };
		C5552CD028298E6900AF2683 /* CloudSharingController.swift */ = {isa = PBXFileReference; lastKnownFileType = sourcecode.swift; path = CloudSharingController.swift; sourceTree = "<group>"; };
		C56011B62800E66A00C49597 /* en */ = {isa = PBXFileReference; lastKnownFileType = text.plist.strings; name = en; path = en.lproj/Localizable.strings; sourceTree = "<group>"; };
		C56011B82800E66D00C49597 /* zh-Hans */ = {isa = PBXFileReference; lastKnownFileType = text.plist.strings; name = "zh-Hans"; path = "zh-Hans.lproj/Localizable.strings"; sourceTree = "<group>"; };
		C56011B92800E86B00C49597 /* pt-BR */ = {isa = PBXFileReference; lastKnownFileType = text.plist.strings; name = "pt-BR"; path = "pt-BR.lproj/Localizable.strings"; sourceTree = "<group>"; };
		C56011BA2800E89300C49597 /* uk */ = {isa = PBXFileReference; lastKnownFileType = text.plist.strings; name = uk; path = uk.lproj/Localizable.strings; sourceTree = "<group>"; };
		C56011BB2800F60500C49597 /* fr */ = {isa = PBXFileReference; lastKnownFileType = text.plist.strings; name = fr; path = fr.lproj/Localizable.strings; sourceTree = "<group>"; };
		C56011BC2800F60700C49597 /* de */ = {isa = PBXFileReference; lastKnownFileType = text.plist.strings; name = de; path = de.lproj/Localizable.strings; sourceTree = "<group>"; };
		C56011BD2800F60A00C49597 /* hi */ = {isa = PBXFileReference; lastKnownFileType = text.plist.strings; name = hi; path = hi.lproj/Localizable.strings; sourceTree = "<group>"; };
		C56011BE2800F60C00C49597 /* id */ = {isa = PBXFileReference; lastKnownFileType = text.plist.strings; name = id; path = id.lproj/Localizable.strings; sourceTree = "<group>"; };
		C56011BF2800F60E00C49597 /* ja */ = {isa = PBXFileReference; lastKnownFileType = text.plist.strings; name = ja; path = ja.lproj/Localizable.strings; sourceTree = "<group>"; };
		C56011C02800F61100C49597 /* ko */ = {isa = PBXFileReference; lastKnownFileType = text.plist.strings; name = ko; path = ko.lproj/Localizable.strings; sourceTree = "<group>"; };
		C56011C12800F61300C49597 /* ru */ = {isa = PBXFileReference; lastKnownFileType = text.plist.strings; name = ru; path = ru.lproj/Localizable.strings; sourceTree = "<group>"; };
		C56011C22800F64000C49597 /* es */ = {isa = PBXFileReference; lastKnownFileType = text.plist.strings; name = es; path = es.lproj/Localizable.strings; sourceTree = "<group>"; };
		C56F499E27E05CE300BCBB8F /* Extensions.swift */ = {isa = PBXFileReference; lastKnownFileType = sourcecode.swift; path = Extensions.swift; sourceTree = "<group>"; };
		C587027327E27F1900DFB6C4 /* MailViewCallback.swift */ = {isa = PBXFileReference; lastKnownFileType = sourcecode.swift; path = MailViewCallback.swift; sourceTree = "<group>"; };
		C587B46A2854F472007C3263 /* DatePickerSheet.swift */ = {isa = PBXFileReference; lastKnownFileType = sourcecode.swift; path = DatePickerSheet.swift; sourceTree = "<group>"; };
		C594BB81284D37730012DA6C /* AccountModel.swift */ = {isa = PBXFileReference; lastKnownFileType = sourcecode.swift; path = AccountModel.swift; sourceTree = "<group>"; };
		C5B01353284AD15B00121163 /* CreateAccountView.swift */ = {isa = PBXFileReference; lastKnownFileType = sourcecode.swift; path = CreateAccountView.swift; sourceTree = "<group>"; };
		C5D2954A2823719100FBA01E /* MySpotWidgetExtension.appex */ = {isa = PBXFileReference; explicitFileType = "wrapper.app-extension"; includeInIndex = 0; path = MySpotWidgetExtension.appex; sourceTree = BUILT_PRODUCTS_DIR; };
		C5D2954B2823719100FBA01E /* WidgetKit.framework */ = {isa = PBXFileReference; lastKnownFileType = wrapper.framework; name = WidgetKit.framework; path = System/Library/Frameworks/WidgetKit.framework; sourceTree = SDKROOT; };
		C5D2954D2823719100FBA01E /* SwiftUI.framework */ = {isa = PBXFileReference; lastKnownFileType = wrapper.framework; name = SwiftUI.framework; path = System/Library/Frameworks/SwiftUI.framework; sourceTree = SDKROOT; };
		C5D295502823719100FBA01E /* MySpotWidget.swift */ = {isa = PBXFileReference; lastKnownFileType = sourcecode.swift; path = MySpotWidget.swift; sourceTree = "<group>"; };
		C5D295522823719100FBA01E /* MySpotWidget.intentdefinition */ = {isa = PBXFileReference; lastKnownFileType = file.intentdefinition; path = MySpotWidget.intentdefinition; sourceTree = "<group>"; };
		C5D295532823719300FBA01E /* Assets.xcassets */ = {isa = PBXFileReference; lastKnownFileType = folder.assetcatalog; path = Assets.xcassets; sourceTree = "<group>"; };
		C5D295552823719300FBA01E /* Info.plist */ = {isa = PBXFileReference; lastKnownFileType = text.plist.xml; path = Info.plist; sourceTree = "<group>"; };
		C5D2955F28238C9C00FBA01E /* MySpotWidgetExtension.entitlements */ = {isa = PBXFileReference; lastKnownFileType = text.plist.entitlements; path = MySpotWidgetExtension.entitlements; sourceTree = "<group>"; };
		C5F1090F284BEE7E00B71CBC /* AccountDetailView.swift */ = {isa = PBXFileReference; lastKnownFileType = sourcecode.swift; path = AccountDetailView.swift; sourceTree = "<group>"; };
		C5F10911284BFBCD00B71CBC /* DiscoverDetailAccountSpots.swift */ = {isa = PBXFileReference; lastKnownFileType = sourcecode.swift; path = DiscoverDetailAccountSpots.swift; sourceTree = "<group>"; };
		C5F10913284C49DD00B71CBC /* ShareViewController.swift */ = {isa = PBXFileReference; lastKnownFileType = sourcecode.swift; path = ShareViewController.swift; sourceTree = "<group>"; };
/* End PBXFileReference section */

/* Begin PBXFrameworksBuildPhase section */
		C5071572282584AC000F344C /* Frameworks */ = {
			isa = PBXFrameworksBuildPhase;
			buildActionMask = 2147483647;
			files = (
				C50715AB28259EB5000F344C /* CloudKit.framework in Frameworks */,
			);
			runOnlyForDeploymentPostprocessing = 0;
		};
		C51503A727D7C347009F0DCD /* Frameworks */ = {
			isa = PBXFrameworksBuildPhase;
			buildActionMask = 2147483647;
			files = (
				C50CF4A627F122DB001A9698 /* Mantis in Frameworks */,
				C58F2BF62830AA42005FA88F /* WelcomeSheet in Frameworks */,
				C51503C027D7C531009F0DCD /* CloudKit.framework in Frameworks */,
			);
			runOnlyForDeploymentPostprocessing = 0;
		};
		C5266AC8283EBF0000A923A1 /* Frameworks */ = {
			isa = PBXFrameworksBuildPhase;
			buildActionMask = 2147483647;
			files = (
				C5266ACD283EBF0000A923A1 /* Messages.framework in Frameworks */,
			);
			runOnlyForDeploymentPostprocessing = 0;
		};
		C5D295472823719100FBA01E /* Frameworks */ = {
			isa = PBXFrameworksBuildPhase;
			buildActionMask = 2147483647;
			files = (
				C5D2956028238CA400FBA01E /* CloudKit.framework in Frameworks */,
				C5D2954E2823719100FBA01E /* SwiftUI.framework in Frameworks */,
				C5D2954C2823719100FBA01E /* WidgetKit.framework in Frameworks */,
			);
			runOnlyForDeploymentPostprocessing = 0;
		};
/* End PBXFrameworksBuildPhase section */

/* Begin PBXGroup section */
		C507156E282584AB000F344C /* MySpotWatch */ = {
			isa = PBXGroup;
			children = (
				C50715A3282597A3000F344C /* MySpotWatch.entitlements */,
				C507156F282584AC000F344C /* Assets.xcassets */,
			);
			path = MySpotWatch;
			sourceTree = "<group>";
		};
		C5071579282584AC000F344C /* MySpotWatch WatchKit Extension */ = {
			isa = PBXGroup;
			children = (
				C50715A528259C9F000F344C /* View */,
				C50715A4282597AB000F344C /* MySpotWatch WatchKit Extension.entitlements */,
				C507159B282586A4000F344C /* Model */,
				C507159628258634000F344C /* ViewModel */,
				C507157A282584AC000F344C /* My_SpotApp.swift */,
				C507157E282584AC000F344C /* NotificationController.swift */,
				C5071582282584AC000F344C /* ComplicationController.swift */,
				C5071584282584AD000F344C /* Assets.xcassets */,
				C5071589282584AD000F344C /* Info.plist */,
				C507158A282584AD000F344C /* PushNotificationPayload.apns */,
				C5071586282584AD000F344C /* Preview Content */,
			);
			path = "MySpotWatch WatchKit Extension";
			sourceTree = "<group>";
		};
		C5071586282584AD000F344C /* Preview Content */ = {
			isa = PBXGroup;
			children = (
				C5071587282584AD000F344C /* Preview Assets.xcassets */,
			);
			path = "Preview Content";
			sourceTree = "<group>";
		};
		C507159628258634000F344C /* ViewModel */ = {
			isa = PBXGroup;
			children = (
				C507159728258645000F344C /* MapViewModel.swift */,
				C507159928258650000F344C /* CloudKitViewModel.swift */,
				C5552CC32826482A00AF2683 /* WatchViewModel.swift */,
			);
			path = ViewModel;
			sourceTree = "<group>";
		};
		C507159B282586A4000F344C /* Model */ = {
			isa = PBXGroup;
			children = (
				C507159C282586B1000F344C /* SpotModel.swift */,
			);
			path = Model;
			sourceTree = "<group>";
		};
		C50715A528259C9F000F344C /* View */ = {
			isa = PBXGroup;
			children = (
				C507157C282584AC000F344C /* ContentView.swift */,
				C5071580282584AC000F344C /* NotificationView.swift */,
				C50715A1282596EF000F344C /* ListView.swift */,
				C50715A628259CB3000F344C /* DetailView.swift */,
				C50715A828259CD2000F344C /* RowView.swift */,
				C5552CC628266EB600AF2683 /* MapView.swift */,
				C5552CC828274CB400AF2683 /* DescriptionView.swift */,
			);
			path = View;
			sourceTree = "<group>";
		};
		C50CF4AB27F13949001A9698 /* ImageControl */ = {
			isa = PBXGroup;
			children = (
				C515042127D7CAC6009F0DCD /* TakePhoto.swift */,
				C50CF4A727F12328001A9698 /* MantisPhotoCropper.swift */,
				C50CF4A927F13915001A9698 /* ChoosePhoto.swift */,
			);
			path = ImageControl;
			sourceTree = "<group>";
		};
		C50CF4AC27F13971001A9698 /* ViewModels */ = {
			isa = PBXGroup;
			children = (
				C51503F127D7CA1D009F0DCD /* MapViewModel.swift */,
				C51503E627D7C87D009F0DCD /* CloudKitViewModel.swift */,
				C5552CC12826472800AF2683 /* PhoneViewModel.swift */,
				C5552CD028298E6900AF2683 /* CloudSharingController.swift */,
			);
			path = ViewModels;
			sourceTree = "<group>";
		};
		C51503A127D7C347009F0DCD = {
			isa = PBXGroup;
			children = (
				C5D2955F28238C9C00FBA01E /* MySpotWidgetExtension.entitlements */,
				C51503AC27D7C347009F0DCD /* My Spot */,
				C5D2954F2823719100FBA01E /* MySpotWidget */,
				C507156E282584AB000F344C /* MySpotWatch */,
				C5071579282584AC000F344C /* MySpotWatch WatchKit Extension */,
				C5266ACE283EBF0000A923A1 /* mySpotiMsg */,
				C51503AB27D7C347009F0DCD /* Products */,
				C51503BE27D7C531009F0DCD /* Frameworks */,
			);
			sourceTree = "<group>";
		};
		C51503AB27D7C347009F0DCD /* Products */ = {
			isa = PBXGroup;
			children = (
				C51503AA27D7C347009F0DCD /* My Spot.app */,
				C5D2954A2823719100FBA01E /* MySpotWidgetExtension.appex */,
				C507156D282584AB000F344C /* My Spot.app */,
				C5071575282584AC000F344C /* MySpotWatch WatchKit Extension.appex */,
				C5266ACB283EBF0000A923A1 /* mySpotiMsg.appex */,
			);
			name = Products;
			sourceTree = "<group>";
		};
		C51503AC27D7C347009F0DCD /* My Spot */ = {
			isa = PBXGroup;
			children = (
				C515042A27D95154009F0DCD /* My-Spot-Info.plist */,
				C515042B27D95225009F0DCD /* LaunchScreen.storyboard */,
				C51503BD27D7C52C009F0DCD /* My Spot.entitlements */,
				C51503B127D7C349009F0DCD /* Assets.xcassets */,
				C50CF4AC27F13971001A9698 /* ViewModels */,
				C50CF4AB27F13949001A9698 /* ImageControl */,
				C515041F27D7CABD009F0DCD /* Helper */,
				C51503E827D7C9B1009F0DCD /* View */,
				C51503D327D7C848009F0DCD /* Model */,
				C51503B327D7C349009F0DCD /* Preview Content */,
				C51503AD27D7C347009F0DCD /* My_SpotApp.swift */,
				C51503AF27D7C347009F0DCD /* ContentView.swift */,
				C56011B72800E66A00C49597 /* Localizable.strings */,
				C5552CCA2827616600AF2683 /* AppDelegate.swift */,
			);
			path = "My Spot";
			sourceTree = "<group>";
		};
		C51503B327D7C349009F0DCD /* Preview Content */ = {
			isa = PBXGroup;
			children = (
				C51503B427D7C349009F0DCD /* Preview Assets.xcassets */,
			);
			path = "Preview Content";
			sourceTree = "<group>";
		};
		C51503BE27D7C531009F0DCD /* Frameworks */ = {
			isa = PBXGroup;
			children = (
				C50715AA28259EB5000F344C /* CloudKit.framework */,
				C51503BF27D7C531009F0DCD /* CloudKit.framework */,
				C5D2954B2823719100FBA01E /* WidgetKit.framework */,
				C5D2954D2823719100FBA01E /* SwiftUI.framework */,
				C5266ACC283EBF0000A923A1 /* Messages.framework */,
			);
			name = Frameworks;
			sourceTree = "<group>";
		};
		C51503D327D7C848009F0DCD /* Model */ = {
			isa = PBXGroup;
			children = (
				C51503DA27D7C856009F0DCD /* CoreDataManager.swift */,
				C51503D627D7C856009F0DCD /* Playlist+CoreDataClass.swift */,
				C51503D727D7C856009F0DCD /* Playlist+CoreDataProperties.swift */,
				C51503D827D7C856009F0DCD /* Spot+CoreDataClass.swift */,
				C51503D927D7C856009F0DCD /* Spot+CoreDataProperties.swift */,
				C51503D527D7C856009F0DCD /* SpotFromCloud.swift */,
				C51503DB27D7C856009F0DCD /* Spots.xcdatamodeld */,
				C51503D427D7C856009F0DCD /* UIImageTransformer.swift */,
				C594BB81284D37730012DA6C /* AccountModel.swift */,
			);
			path = Model;
			sourceTree = "<group>";
		};
		C51503E827D7C9B1009F0DCD /* View */ = {
			isa = PBXGroup;
			children = (
				C51503EB27D7C9E2009F0DCD /* Main View */,
				C51503EA27D7C9DB009F0DCD /* Sub View */,
				C51503E927D7C9CE009F0DCD /* Map */,
				C5552CCC2827696500AF2683 /* NotificationView.swift */,
			);
			path = View;
			sourceTree = "<group>";
		};
		C51503E927D7C9CE009F0DCD /* Map */ = {
			isa = PBXGroup;
			children = (
				C51503F227D7CA1D009F0DCD /* ViewOnlyUserOnMap.swift */,
				C51503F027D7CA1D009F0DCD /* ViewSingleSpotOnMap.swift */,
				C51503EF27D7CA10009F0DCD /* Discover */,
				C51503EE27D7CA03009F0DCD /* Playlist */,
				C51503EC27D7C9F6009F0DCD /* Spot */,
			);
			path = Map;
			sourceTree = "<group>";
		};
		C51503EA27D7C9DB009F0DCD /* Sub View */ = {
			isa = PBXGroup;
			children = (
				C5F1090E284BEE5000B71CBC /* Account */,
				C51503F827D7CA49009F0DCD /* Playlist */,
				C51503F727D7CA3F009F0DCD /* Discover */,
				C51503F627D7CA31009F0DCD /* Spot */,
				C587B46A2854F472007C3263 /* DatePickerSheet.swift */,
			);
			path = "Sub View";
			sourceTree = "<group>";
		};
		C51503EB27D7C9E2009F0DCD /* Main View */ = {
			isa = PBXGroup;
			children = (
				C51503FA27D7CA60009F0DCD /* DiscoverView.swift */,
				C51503F927D7CA60009F0DCD /* MySpotsView.swift */,
				C51503FB27D7CA60009F0DCD /* PlaylistView.swift */,
			);
			path = "Main View";
			sourceTree = "<group>";
		};
		C51503EC27D7C9F6009F0DCD /* Spot */ = {
			isa = PBXGroup;
			children = (
				C515041327D7CAA3009F0DCD /* MapAnnotationView.swift */,
				C515041227D7CAA3009F0DCD /* SpotMapPreview.swift */,
				C515041127D7CAA3009F0DCD /* ViewMapSpots.swift */,
			);
			path = Spot;
			sourceTree = "<group>";
		};
		C51503EE27D7CA03009F0DCD /* Playlist */ = {
			isa = PBXGroup;
			children = (
				C515041D27D7CAB1009F0DCD /* ViewPlaylistMap.swift */,
			);
			path = Playlist;
			sourceTree = "<group>";
		};
		C51503EF27D7CA10009F0DCD /* Discover */ = {
			isa = PBXGroup;
			children = (
				C515041727D7CAAA009F0DCD /* DiscoverMapPreview.swift */,
				C515041827D7CAAA009F0DCD /* MapAnnotationDiscover.swift */,
				C515041927D7CAAA009F0DCD /* ViewDiscoverSpots.swift */,
			);
			path = Discover;
			sourceTree = "<group>";
		};
		C51503F627D7CA31009F0DCD /* Spot */ = {
			isa = PBXGroup;
			children = (
				C515040027D7CA72009F0DCD /* AddSpotSheet.swift */,
				C515040127D7CA72009F0DCD /* DetailView.swift */,
				C51503FF27D7CA72009F0DCD /* SpotRow.swift */,
				C502D4FA27E1A6310057A65C /* SpotEditSheet.swift */,
				C50CF4AD27F395E2001A9698 /* SettingsView.swift */,
			);
			path = Spot;
			sourceTree = "<group>";
		};
		C51503F727D7CA3F009F0DCD /* Discover */ = {
			isa = PBXGroup;
			children = (
				C515040627D7CA7B009F0DCD /* DiscoverDetailView.swift */,
				C515040527D7CA7B009F0DCD /* DiscoverRow.swift */,
				C502D4FC27E1B63D0057A65C /* DiscoverSheetShared.swift */,
				C5552CCE2828207500AF2683 /* DiscoverDetailNotification.swift */,
				C5F10911284BFBCD00B71CBC /* DiscoverDetailAccountSpots.swift */,
			);
			path = Discover;
			sourceTree = "<group>";
		};
		C51503F827D7CA49009F0DCD /* Playlist */ = {
			isa = PBXGroup;
			children = (
				C515040C27D7CA87009F0DCD /* AddPlaylistSheet.swift */,
				C515040B27D7CA87009F0DCD /* AddSpotToPlaylistSheet.swift */,
				C515040927D7CA87009F0DCD /* DetailedPlaylistView.swift */,
				C515040A27D7CA87009F0DCD /* PlaylistRow.swift */,
				C502D4F827E1A02C0057A65C /* PlaylistEditSheet.swift */,
			);
			path = Playlist;
			sourceTree = "<group>";
		};
		C515041F27D7CABD009F0DCD /* Helper */ = {
			isa = PBXGroup;
			children = (
				C515042027D7CAC6009F0DCD /* Constants.swift */,
				C515042227D7CAC6009F0DCD /* UIEmojiTextField.swift */,
				C515042827D8540A009F0DCD /* TabController.swift */,
				C56F499E27E05CE300BCBB8F /* Extensions.swift */,
				C587027327E27F1900DFB6C4 /* MailViewCallback.swift */,
				C501FC1727E3FAB7008FEFA1 /* ZoomableScrollView.swift */,
				C501FC1927E41FF1008FEFA1 /* ImagePopUp.swift */,
				C501FC1B27E4419A008FEFA1 /* BottomPopupView.swift */,
				C50CF4AF27F3CD4C001A9698 /* SetUpNewSpotNoti.swift */,
				C5F10913284C49DD00B71CBC /* ShareViewController.swift */,
			);
			path = Helper;
			sourceTree = "<group>";
		};
		C5266ACE283EBF0000A923A1 /* mySpotiMsg */ = {
			isa = PBXGroup;
			children = (
				C5266ADD283ECDDD00A923A1 /* mySpotiMsg.entitlements */,
				C5266ACF283EBF0000A923A1 /* MessagesViewController.swift */,
				C5266AD1283EBF0000A923A1 /* MainInterface.storyboard */,
				C5266AD4283EBF0100A923A1 /* Assets.xcassets */,
				C5266AD6283EBF0100A923A1 /* Info.plist */,
			);
			path = mySpotiMsg;
			sourceTree = "<group>";
		};
		C5D2954F2823719100FBA01E /* MySpotWidget */ = {
			isa = PBXGroup;
			children = (
				C5D295502823719100FBA01E /* MySpotWidget.swift */,
				C5D295522823719100FBA01E /* MySpotWidget.intentdefinition */,
				C5D295532823719300FBA01E /* Assets.xcassets */,
				C5D295552823719300FBA01E /* Info.plist */,
			);
			path = MySpotWidget;
			sourceTree = "<group>";
		};
		C5F1090E284BEE5000B71CBC /* Account */ = {
			isa = PBXGroup;
			children = (
				C5B01353284AD15B00121163 /* CreateAccountView.swift */,
				C5F1090F284BEE7E00B71CBC /* AccountDetailView.swift */,
			);
			path = Account;
			sourceTree = "<group>";
		};
/* End PBXGroup section */

/* Begin PBXNativeTarget section */
		C507156C282584AB000F344C /* MySpotWatch */ = {
			isa = PBXNativeTarget;
			buildConfigurationList = C5071595282584AD000F344C /* Build configuration list for PBXNativeTarget "MySpotWatch" */;
			buildPhases = (
				C507156B282584AB000F344C /* Resources */,
				C5071591282584AD000F344C /* Embed App Extensions */,
			);
			buildRules = (
			);
			dependencies = (
				C5071578282584AC000F344C /* PBXTargetDependency */,
			);
			name = MySpotWatch;
			productName = MySpotWatch;
			productReference = C507156D282584AB000F344C /* My Spot.app */;
			productType = "com.apple.product-type.application.watchapp2";
		};
		C5071574282584AC000F344C /* MySpotWatch WatchKit Extension */ = {
			isa = PBXNativeTarget;
			buildConfigurationList = C5071594282584AD000F344C /* Build configuration list for PBXNativeTarget "MySpotWatch WatchKit Extension" */;
			buildPhases = (
				C5071571282584AC000F344C /* Sources */,
				C5071572282584AC000F344C /* Frameworks */,
				C5071573282584AC000F344C /* Resources */,
			);
			buildRules = (
			);
			dependencies = (
			);
			name = "MySpotWatch WatchKit Extension";
			productName = "MySpotWatch WatchKit Extension";
			productReference = C5071575282584AC000F344C /* MySpotWatch WatchKit Extension.appex */;
			productType = "com.apple.product-type.watchkit2-extension";
		};
		C51503A927D7C347009F0DCD /* My Spot */ = {
			isa = PBXNativeTarget;
			buildConfigurationList = C51503B827D7C349009F0DCD /* Build configuration list for PBXNativeTarget "My Spot" */;
			buildPhases = (
				C51503A627D7C347009F0DCD /* Sources */,
				C51503A727D7C347009F0DCD /* Frameworks */,
				C51503A827D7C347009F0DCD /* Resources */,
				C5D2955E2823719300FBA01E /* Embed App Extensions */,
				C507158E282584AD000F344C /* Embed Watch Content */,
			);
			buildRules = (
			);
			dependencies = (
				C5D295592823719300FBA01E /* PBXTargetDependency */,
				C507158C282584AD000F344C /* PBXTargetDependency */,
				C5266AD8283EBF0100A923A1 /* PBXTargetDependency */,
			);
			name = "My Spot";
			packageProductDependencies = (
				C50CF4A527F122DB001A9698 /* Mantis */,
				C58F2BF52830AA42005FA88F /* WelcomeSheet */,
			);
			productName = "My Spot";
			productReference = C51503AA27D7C347009F0DCD /* My Spot.app */;
			productType = "com.apple.product-type.application";
		};
		C5266ACA283EBF0000A923A1 /* mySpotiMsg */ = {
			isa = PBXNativeTarget;
			buildConfigurationList = C5266ADC283EBF0100A923A1 /* Build configuration list for PBXNativeTarget "mySpotiMsg" */;
			buildPhases = (
				C5266AC7283EBF0000A923A1 /* Sources */,
				C5266AC8283EBF0000A923A1 /* Frameworks */,
				C5266AC9283EBF0000A923A1 /* Resources */,
			);
			buildRules = (
			);
			dependencies = (
			);
			name = mySpotiMsg;
			productName = mySpotiMsg;
			productReference = C5266ACB283EBF0000A923A1 /* mySpotiMsg.appex */;
			productType = "com.apple.product-type.app-extension.messages";
		};
		C5D295492823719100FBA01E /* MySpotWidgetExtension */ = {
			isa = PBXNativeTarget;
			buildConfigurationList = C5D2955B2823719300FBA01E /* Build configuration list for PBXNativeTarget "MySpotWidgetExtension" */;
			buildPhases = (
				C5D295462823719100FBA01E /* Sources */,
				C5D295472823719100FBA01E /* Frameworks */,
				C5D295482823719100FBA01E /* Resources */,
			);
			buildRules = (
			);
			dependencies = (
			);
			name = MySpotWidgetExtension;
			productName = MySpotWidgetExtension;
			productReference = C5D2954A2823719100FBA01E /* MySpotWidgetExtension.appex */;
			productType = "com.apple.product-type.app-extension";
		};
/* End PBXNativeTarget section */

/* Begin PBXProject section */
		C51503A227D7C347009F0DCD /* Project object */ = {
			isa = PBXProject;
			attributes = {
				BuildIndependentTargetsInParallel = 1;
				LastSwiftUpdateCheck = 1340;
				LastUpgradeCheck = 1340;
				TargetAttributes = {
					C507156C282584AB000F344C = {
						CreatedOnToolsVersion = 13.3.1;
					};
					C5071574282584AC000F344C = {
						CreatedOnToolsVersion = 13.3.1;
					};
					C51503A927D7C347009F0DCD = {
						CreatedOnToolsVersion = 13.2.1;
					};
					C5266ACA283EBF0000A923A1 = {
						CreatedOnToolsVersion = 13.4;
					};
					C5D295492823719100FBA01E = {
						CreatedOnToolsVersion = 13.3.1;
					};
				};
			};
			buildConfigurationList = C51503A527D7C347009F0DCD /* Build configuration list for PBXProject "My Spot" */;
			compatibilityVersion = "Xcode 13.0";
			developmentRegion = en;
			hasScannedForEncodings = 0;
			knownRegions = (
				en,
				Base,
				hi,
				ja,
				"zh-Hans",
				ko,
				ru,
				de,
				es,
				"pt-BR",
				fr,
				id,
				uk,
			);
			mainGroup = C51503A127D7C347009F0DCD;
			packageReferences = (
				C50CF4A427F122DB001A9698 /* XCRemoteSwiftPackageReference "Mantis" */,
				C58F2BF42830AA42005FA88F /* XCRemoteSwiftPackageReference "Welcome-Sheet" */,
			);
			productRefGroup = C51503AB27D7C347009F0DCD /* Products */;
			projectDirPath = "";
			projectRoot = "";
			targets = (
				C51503A927D7C347009F0DCD /* My Spot */,
				C5D295492823719100FBA01E /* MySpotWidgetExtension */,
				C507156C282584AB000F344C /* MySpotWatch */,
				C5071574282584AC000F344C /* MySpotWatch WatchKit Extension */,
				C5266ACA283EBF0000A923A1 /* mySpotiMsg */,
			);
		};
/* End PBXProject section */

/* Begin PBXResourcesBuildPhase section */
		C507156B282584AB000F344C /* Resources */ = {
			isa = PBXResourcesBuildPhase;
			buildActionMask = 2147483647;
			files = (
				C5071570282584AC000F344C /* Assets.xcassets in Resources */,
				C507159E28258FA8000F344C /* Localizable.strings in Resources */,
			);
			runOnlyForDeploymentPostprocessing = 0;
		};
		C5071573282584AC000F344C /* Resources */ = {
			isa = PBXResourcesBuildPhase;
			buildActionMask = 2147483647;
			files = (
				C5071588282584AD000F344C /* Preview Assets.xcassets in Resources */,
				C507159F28258FA8000F344C /* Localizable.strings in Resources */,
				C50715A028258FF1000F344C /* Assets.xcassets in Resources */,
				C5071585282584AD000F344C /* Assets.xcassets in Resources */,
			);
			runOnlyForDeploymentPostprocessing = 0;
		};
		C51503A827D7C347009F0DCD /* Resources */ = {
			isa = PBXResourcesBuildPhase;
			buildActionMask = 2147483647;
			files = (
				C515042C27D95225009F0DCD /* LaunchScreen.storyboard in Resources */,
				C56011B52800E66A00C49597 /* Localizable.strings in Resources */,
				C51503B527D7C349009F0DCD /* Preview Assets.xcassets in Resources */,
				C51503B227D7C349009F0DCD /* Assets.xcassets in Resources */,
			);
			runOnlyForDeploymentPostprocessing = 0;
		};
		C5266AC9283EBF0000A923A1 /* Resources */ = {
			isa = PBXResourcesBuildPhase;
			buildActionMask = 2147483647;
			files = (
				C5266AD5283EBF0100A923A1 /* Assets.xcassets in Resources */,
				C54792DA2841795E005F1D2D /* Localizable.strings in Resources */,
				C5266AD3283EBF0000A923A1 /* MainInterface.storyboard in Resources */,
			);
			runOnlyForDeploymentPostprocessing = 0;
		};
		C5D295482823719100FBA01E /* Resources */ = {
			isa = PBXResourcesBuildPhase;
			buildActionMask = 2147483647;
			files = (
				C5D295542823719300FBA01E /* Assets.xcassets in Resources */,
				C5D29561282504D700FBA01E /* Localizable.strings in Resources */,
			);
			runOnlyForDeploymentPostprocessing = 0;
		};
/* End PBXResourcesBuildPhase section */

/* Begin PBXSourcesBuildPhase section */
		C5071571282584AC000F344C /* Sources */ = {
			isa = PBXSourcesBuildPhase;
			buildActionMask = 2147483647;
			files = (
				C507157F282584AC000F344C /* NotificationController.swift in Sources */,
				C5552CC928274CB400AF2683 /* DescriptionView.swift in Sources */,
				C507159D282586B1000F344C /* SpotModel.swift in Sources */,
				C5552CC42826482A00AF2683 /* WatchViewModel.swift in Sources */,
				C507157D282584AC000F344C /* ContentView.swift in Sources */,
				C5552CC728266EB600AF2683 /* MapView.swift in Sources */,
				C50715A728259CB3000F344C /* DetailView.swift in Sources */,
				C5071583282584AC000F344C /* ComplicationController.swift in Sources */,
				C507157B282584AC000F344C /* My_SpotApp.swift in Sources */,
				C5071581282584AC000F344C /* NotificationView.swift in Sources */,
				C507159828258645000F344C /* MapViewModel.swift in Sources */,
				C50715A928259CD2000F344C /* RowView.swift in Sources */,
				C507159A28258650000F344C /* CloudKitViewModel.swift in Sources */,
				C50715A2282596EF000F344C /* ListView.swift in Sources */,
			);
			runOnlyForDeploymentPostprocessing = 0;
		};
		C51503A627D7C347009F0DCD /* Sources */ = {
			isa = PBXSourcesBuildPhase;
			buildActionMask = 2147483647;
			files = (
				C5F10910284BEE7E00B71CBC /* AccountDetailView.swift in Sources */,
				C515042927D8540A009F0DCD /* TabController.swift in Sources */,
				C501FC1A27E41FF1008FEFA1 /* ImagePopUp.swift in Sources */,
				C515040827D7CA7B009F0DCD /* DiscoverDetailView.swift in Sources */,
				C515042327D7CAC6009F0DCD /* Constants.swift in Sources */,
				C51503E127D7C856009F0DCD /* Spot+CoreDataClass.swift in Sources */,
				C502D4FB27E1A6310057A65C /* SpotEditSheet.swift in Sources */,
				C51503E427D7C856009F0DCD /* Spots.xcdatamodeld in Sources */,
				C50CF4AA27F13915001A9698 /* ChoosePhoto.swift in Sources */,
				C5552CCB2827616600AF2683 /* AppDelegate.swift in Sources */,
				C51503E227D7C856009F0DCD /* Spot+CoreDataProperties.swift in Sources */,
				C51503B027D7C347009F0DCD /* ContentView.swift in Sources */,
				C515041C27D7CAAA009F0DCD /* ViewDiscoverSpots.swift in Sources */,
				C51503F427D7CA1D009F0DCD /* MapViewModel.swift in Sources */,
				C51503FC27D7CA60009F0DCD /* MySpotsView.swift in Sources */,
				C515041B27D7CAAA009F0DCD /* MapAnnotationDiscover.swift in Sources */,
				C587B46B2854F472007C3263 /* DatePickerSheet.swift in Sources */,
				C51503AE27D7C347009F0DCD /* My_SpotApp.swift in Sources */,
				C5552CCD2827696500AF2683 /* NotificationView.swift in Sources */,
				C501FC1827E3FAB7008FEFA1 /* ZoomableScrollView.swift in Sources */,
				C5F10914284C49DD00B71CBC /* ShareViewController.swift in Sources */,
				C51503FD27D7CA60009F0DCD /* DiscoverView.swift in Sources */,
				C51503DD27D7C856009F0DCD /* UIImageTransformer.swift in Sources */,
				C5552CD128298E6900AF2683 /* CloudSharingController.swift in Sources */,
				C5552CC22826472900AF2683 /* PhoneViewModel.swift in Sources */,
				C515040F27D7CA87009F0DCD /* AddSpotToPlaylistSheet.swift in Sources */,
				C51503F327D7CA1D009F0DCD /* ViewSingleSpotOnMap.swift in Sources */,
				C51503E027D7C856009F0DCD /* Playlist+CoreDataProperties.swift in Sources */,
				C51503F527D7CA1D009F0DCD /* ViewOnlyUserOnMap.swift in Sources */,
				C515041A27D7CAAA009F0DCD /* DiscoverMapPreview.swift in Sources */,
				C515042427D7CAC6009F0DCD /* TakePhoto.swift in Sources */,
				C587027427E27F1900DFB6C4 /* MailViewCallback.swift in Sources */,
				C5F10912284BFBCD00B71CBC /* DiscoverDetailAccountSpots.swift in Sources */,
				C515040727D7CA7B009F0DCD /* DiscoverRow.swift in Sources */,
				C515042527D7CAC6009F0DCD /* UIEmojiTextField.swift in Sources */,
				C515040E27D7CA87009F0DCD /* PlaylistRow.swift in Sources */,
				C515041E27D7CAB1009F0DCD /* ViewPlaylistMap.swift in Sources */,
				C515040D27D7CA87009F0DCD /* DetailedPlaylistView.swift in Sources */,
				C51503E727D7C87D009F0DCD /* CloudKitViewModel.swift in Sources */,
				C50CF4B027F3CD4C001A9698 /* SetUpNewSpotNoti.swift in Sources */,
				C515040427D7CA72009F0DCD /* DetailView.swift in Sources */,
				C515041427D7CAA3009F0DCD /* ViewMapSpots.swift in Sources */,
				C5B01354284AD15B00121163 /* CreateAccountView.swift in Sources */,
				C51503E327D7C856009F0DCD /* CoreDataManager.swift in Sources */,
				C5552CCF2828207500AF2683 /* DiscoverDetailNotification.swift in Sources */,
				C515041527D7CAA3009F0DCD /* SpotMapPreview.swift in Sources */,
				C515040327D7CA72009F0DCD /* AddSpotSheet.swift in Sources */,
				C50CF4A827F12328001A9698 /* MantisPhotoCropper.swift in Sources */,
				C501FC1C27E4419A008FEFA1 /* BottomPopupView.swift in Sources */,
				C50CF4AE27F395E2001A9698 /* SettingsView.swift in Sources */,
				C515041627D7CAA3009F0DCD /* MapAnnotationView.swift in Sources */,
				C515041027D7CA87009F0DCD /* AddPlaylistSheet.swift in Sources */,
				C5D295572823719300FBA01E /* MySpotWidget.intentdefinition in Sources */,
				C56F499F27E05CE300BCBB8F /* Extensions.swift in Sources */,
				C51503DE27D7C856009F0DCD /* SpotFromCloud.swift in Sources */,
				C502D4FD27E1B63D0057A65C /* DiscoverSheetShared.swift in Sources */,
				C594BB82284D37730012DA6C /* AccountModel.swift in Sources */,
				C51503FE27D7CA60009F0DCD /* PlaylistView.swift in Sources */,
				C515040227D7CA72009F0DCD /* SpotRow.swift in Sources */,
				C51503DF27D7C856009F0DCD /* Playlist+CoreDataClass.swift in Sources */,
				C502D4F927E1A02C0057A65C /* PlaylistEditSheet.swift in Sources */,
			);
			runOnlyForDeploymentPostprocessing = 0;
		};
		C5266AC7283EBF0000A923A1 /* Sources */ = {
			isa = PBXSourcesBuildPhase;
			buildActionMask = 2147483647;
			files = (
				C5266AD0283EBF0000A923A1 /* MessagesViewController.swift in Sources */,
			);
			runOnlyForDeploymentPostprocessing = 0;
		};
		C5D295462823719100FBA01E /* Sources */ = {
			isa = PBXSourcesBuildPhase;
			buildActionMask = 2147483647;
			files = (
				C5D295562823719300FBA01E /* MySpotWidget.intentdefinition in Sources */,
				C5D295512823719100FBA01E /* MySpotWidget.swift in Sources */,
			);
			runOnlyForDeploymentPostprocessing = 0;
		};
/* End PBXSourcesBuildPhase section */

/* Begin PBXTargetDependency section */
		C5071578282584AC000F344C /* PBXTargetDependency */ = {
			isa = PBXTargetDependency;
			target = C5071574282584AC000F344C /* MySpotWatch WatchKit Extension */;
			targetProxy = C5071577282584AC000F344C /* PBXContainerItemProxy */;
		};
		C507158C282584AD000F344C /* PBXTargetDependency */ = {
			isa = PBXTargetDependency;
			platformFilter = ios;
			target = C507156C282584AB000F344C /* MySpotWatch */;
			targetProxy = C507158B282584AD000F344C /* PBXContainerItemProxy */;
		};
		C5266AD8283EBF0100A923A1 /* PBXTargetDependency */ = {
			isa = PBXTargetDependency;
			platformFilter = ios;
			target = C5266ACA283EBF0000A923A1 /* mySpotiMsg */;
			targetProxy = C5266AD7283EBF0100A923A1 /* PBXContainerItemProxy */;
		};
		C5D295592823719300FBA01E /* PBXTargetDependency */ = {
			isa = PBXTargetDependency;
			platformFilter = ios;
			target = C5D295492823719100FBA01E /* MySpotWidgetExtension */;
			targetProxy = C5D295582823719300FBA01E /* PBXContainerItemProxy */;
		};
/* End PBXTargetDependency section */

/* Begin PBXVariantGroup section */
		C5266AD1283EBF0000A923A1 /* MainInterface.storyboard */ = {
			isa = PBXVariantGroup;
			children = (
				C5266AD2283EBF0000A923A1 /* Base */,
			);
			name = MainInterface.storyboard;
			sourceTree = "<group>";
		};
		C56011B72800E66A00C49597 /* Localizable.strings */ = {
			isa = PBXVariantGroup;
			children = (
				C56011B62800E66A00C49597 /* en */,
				C56011B82800E66D00C49597 /* zh-Hans */,
				C56011B92800E86B00C49597 /* pt-BR */,
				C56011BA2800E89300C49597 /* uk */,
				C56011BB2800F60500C49597 /* fr */,
				C56011BC2800F60700C49597 /* de */,
				C56011BD2800F60A00C49597 /* hi */,
				C56011BE2800F60C00C49597 /* id */,
				C56011BF2800F60E00C49597 /* ja */,
				C56011C02800F61100C49597 /* ko */,
				C56011C12800F61300C49597 /* ru */,
				C56011C22800F64000C49597 /* es */,
			);
			name = Localizable.strings;
			sourceTree = "<group>";
		};
/* End PBXVariantGroup section */

/* Begin XCBuildConfiguration section */
		C507158F282584AD000F344C /* Debug */ = {
			isa = XCBuildConfiguration;
			buildSettings = {
				ALWAYS_EMBED_SWIFT_STANDARD_LIBRARIES = YES;
				ASSETCATALOG_COMPILER_APPICON_NAME = AppIcon;
				ASSETCATALOG_COMPILER_GLOBAL_ACCENT_COLOR_NAME = AccentColor;
				CODE_SIGN_ENTITLEMENTS = MySpotWatch/MySpotWatch.entitlements;
				CODE_SIGN_STYLE = Automatic;
				CURRENT_PROJECT_VERSION = 1;
				DEVELOPMENT_TEAM = 2HAP7LLHCJ;
				GENERATE_INFOPLIST_FILE = YES;
				IBSC_MODULE = MySpotWatch_WatchKit_Extension;
				INFOPLIST_KEY_UISupportedInterfaceOrientations = "UIInterfaceOrientationPortrait UIInterfaceOrientationPortraitUpsideDown";
				INFOPLIST_KEY_WKCompanionAppBundleIdentifier = "com.isaacpaschall.My-Spot";
				MARKETING_VERSION = 2.0.0;
				PRODUCT_BUNDLE_IDENTIFIER = "com.isaacpaschall.My-Spot.watchkitapp";
				PRODUCT_NAME = "My Spot";
				SDKROOT = watchos;
				SKIP_INSTALL = YES;
				SWIFT_EMIT_LOC_STRINGS = YES;
				SWIFT_VERSION = 5.0;
				TARGETED_DEVICE_FAMILY = 4;
				WATCHOS_DEPLOYMENT_TARGET = 8.5;
			};
			name = Debug;
		};
		C5071590282584AD000F344C /* Release */ = {
			isa = XCBuildConfiguration;
			buildSettings = {
				ALWAYS_EMBED_SWIFT_STANDARD_LIBRARIES = YES;
				ASSETCATALOG_COMPILER_APPICON_NAME = AppIcon;
				ASSETCATALOG_COMPILER_GLOBAL_ACCENT_COLOR_NAME = AccentColor;
				CODE_SIGN_ENTITLEMENTS = MySpotWatch/MySpotWatch.entitlements;
				CODE_SIGN_STYLE = Automatic;
				CURRENT_PROJECT_VERSION = 1;
				DEVELOPMENT_TEAM = 2HAP7LLHCJ;
				GENERATE_INFOPLIST_FILE = YES;
				IBSC_MODULE = MySpotWatch_WatchKit_Extension;
				INFOPLIST_KEY_UISupportedInterfaceOrientations = "UIInterfaceOrientationPortrait UIInterfaceOrientationPortraitUpsideDown";
				INFOPLIST_KEY_WKCompanionAppBundleIdentifier = "com.isaacpaschall.My-Spot";
				MARKETING_VERSION = 2.0.0;
				PRODUCT_BUNDLE_IDENTIFIER = "com.isaacpaschall.My-Spot.watchkitapp";
				PRODUCT_NAME = "My Spot";
				SDKROOT = watchos;
				SKIP_INSTALL = YES;
				SWIFT_EMIT_LOC_STRINGS = YES;
				SWIFT_VERSION = 5.0;
				TARGETED_DEVICE_FAMILY = 4;
				WATCHOS_DEPLOYMENT_TARGET = 8.5;
			};
			name = Release;
		};
		C5071592282584AD000F344C /* Debug */ = {
			isa = XCBuildConfiguration;
			buildSettings = {
				ASSETCATALOG_COMPILER_COMPLICATION_NAME = Complication;
				CODE_SIGN_ENTITLEMENTS = "MySpotWatch WatchKit Extension/MySpotWatch WatchKit Extension.entitlements";
				CODE_SIGN_STYLE = Automatic;
				CURRENT_PROJECT_VERSION = 1;
				DEVELOPMENT_ASSET_PATHS = "\"MySpotWatch WatchKit Extension/Preview Content\"";
				DEVELOPMENT_TEAM = 2HAP7LLHCJ;
				ENABLE_PREVIEWS = YES;
				GENERATE_INFOPLIST_FILE = YES;
				INFOPLIST_FILE = "MySpotWatch WatchKit Extension/Info.plist";
				INFOPLIST_KEY_CFBundleDisplayName = "My Spot";
				INFOPLIST_KEY_CLKComplicationPrincipalClass = MySpotWatch_WatchKit_Extension.ComplicationController;
				INFOPLIST_KEY_NSHumanReadableCopyright = "";
				INFOPLIST_KEY_NSLocationWhenInUseUsageDescription = "My Spot needs location to find spots close to you";
				INFOPLIST_KEY_WKRunsIndependentlyOfCompanionApp = YES;
				LD_RUNPATH_SEARCH_PATHS = (
					"$(inherited)",
					"@executable_path/Frameworks",
					"@executable_path/../../Frameworks",
				);
				MARKETING_VERSION = 2.0.0;
				PRODUCT_BUNDLE_IDENTIFIER = "com.isaacpaschall.My-Spot.watchkitapp.watchkitextension";
				PRODUCT_NAME = "${TARGET_NAME}";
				SDKROOT = watchos;
				SKIP_INSTALL = YES;
				SWIFT_EMIT_LOC_STRINGS = YES;
				SWIFT_VERSION = 5.0;
				TARGETED_DEVICE_FAMILY = 4;
				WATCHOS_DEPLOYMENT_TARGET = 8.5;
			};
			name = Debug;
		};
		C5071593282584AD000F344C /* Release */ = {
			isa = XCBuildConfiguration;
			buildSettings = {
				ASSETCATALOG_COMPILER_COMPLICATION_NAME = Complication;
				CODE_SIGN_ENTITLEMENTS = "MySpotWatch WatchKit Extension/MySpotWatch WatchKit Extension.entitlements";
				CODE_SIGN_STYLE = Automatic;
				CURRENT_PROJECT_VERSION = 1;
				DEVELOPMENT_ASSET_PATHS = "\"MySpotWatch WatchKit Extension/Preview Content\"";
				DEVELOPMENT_TEAM = 2HAP7LLHCJ;
				ENABLE_PREVIEWS = YES;
				GENERATE_INFOPLIST_FILE = YES;
				INFOPLIST_FILE = "MySpotWatch WatchKit Extension/Info.plist";
				INFOPLIST_KEY_CFBundleDisplayName = "My Spot";
				INFOPLIST_KEY_CLKComplicationPrincipalClass = MySpotWatch_WatchKit_Extension.ComplicationController;
				INFOPLIST_KEY_NSHumanReadableCopyright = "";
				INFOPLIST_KEY_NSLocationWhenInUseUsageDescription = "My Spot needs location to find spots close to you";
				INFOPLIST_KEY_WKRunsIndependentlyOfCompanionApp = YES;
				LD_RUNPATH_SEARCH_PATHS = (
					"$(inherited)",
					"@executable_path/Frameworks",
					"@executable_path/../../Frameworks",
				);
				MARKETING_VERSION = 2.0.0;
				PRODUCT_BUNDLE_IDENTIFIER = "com.isaacpaschall.My-Spot.watchkitapp.watchkitextension";
				PRODUCT_NAME = "${TARGET_NAME}";
				SDKROOT = watchos;
				SKIP_INSTALL = YES;
				SWIFT_EMIT_LOC_STRINGS = YES;
				SWIFT_VERSION = 5.0;
				TARGETED_DEVICE_FAMILY = 4;
				WATCHOS_DEPLOYMENT_TARGET = 8.5;
			};
			name = Release;
		};
		C51503B627D7C349009F0DCD /* Debug */ = {
			isa = XCBuildConfiguration;
			buildSettings = {
				ALWAYS_SEARCH_USER_PATHS = NO;
				CLANG_ANALYZER_LOCALIZABILITY_NONLOCALIZED = YES;
				CLANG_ANALYZER_NONNULL = YES;
				CLANG_ANALYZER_NUMBER_OBJECT_CONVERSION = YES_AGGRESSIVE;
				CLANG_CXX_LANGUAGE_STANDARD = "gnu++17";
				CLANG_CXX_LIBRARY = "libc++";
				CLANG_ENABLE_MODULES = YES;
				CLANG_ENABLE_OBJC_ARC = YES;
				CLANG_ENABLE_OBJC_WEAK = YES;
				CLANG_WARN_BLOCK_CAPTURE_AUTORELEASING = YES;
				CLANG_WARN_BOOL_CONVERSION = YES;
				CLANG_WARN_COMMA = YES;
				CLANG_WARN_CONSTANT_CONVERSION = YES;
				CLANG_WARN_DEPRECATED_OBJC_IMPLEMENTATIONS = YES;
				CLANG_WARN_DIRECT_OBJC_ISA_USAGE = YES_ERROR;
				CLANG_WARN_DOCUMENTATION_COMMENTS = YES;
				CLANG_WARN_EMPTY_BODY = YES;
				CLANG_WARN_ENUM_CONVERSION = YES;
				CLANG_WARN_INFINITE_RECURSION = YES;
				CLANG_WARN_INT_CONVERSION = YES;
				CLANG_WARN_NON_LITERAL_NULL_CONVERSION = YES;
				CLANG_WARN_OBJC_IMPLICIT_RETAIN_SELF = YES;
				CLANG_WARN_OBJC_LITERAL_CONVERSION = YES;
				CLANG_WARN_OBJC_ROOT_CLASS = YES_ERROR;
				CLANG_WARN_QUOTED_INCLUDE_IN_FRAMEWORK_HEADER = YES;
				CLANG_WARN_RANGE_LOOP_ANALYSIS = YES;
				CLANG_WARN_STRICT_PROTOTYPES = YES;
				CLANG_WARN_SUSPICIOUS_MOVE = YES;
				CLANG_WARN_UNGUARDED_AVAILABILITY = YES_AGGRESSIVE;
				CLANG_WARN_UNREACHABLE_CODE = YES;
				CLANG_WARN__DUPLICATE_METHOD_MATCH = YES;
				COPY_PHASE_STRIP = NO;
				DEBUG_INFORMATION_FORMAT = dwarf;
				ENABLE_STRICT_OBJC_MSGSEND = YES;
				ENABLE_TESTABILITY = YES;
				GCC_C_LANGUAGE_STANDARD = gnu11;
				GCC_DYNAMIC_NO_PIC = NO;
				GCC_NO_COMMON_BLOCKS = YES;
				GCC_OPTIMIZATION_LEVEL = 0;
				GCC_PREPROCESSOR_DEFINITIONS = (
					"DEBUG=1",
					"$(inherited)",
				);
				GCC_WARN_64_TO_32_BIT_CONVERSION = YES;
				GCC_WARN_ABOUT_RETURN_TYPE = YES_ERROR;
				GCC_WARN_UNDECLARED_SELECTOR = YES;
				GCC_WARN_UNINITIALIZED_AUTOS = YES_AGGRESSIVE;
				GCC_WARN_UNUSED_FUNCTION = YES;
				GCC_WARN_UNUSED_VARIABLE = YES;
				IPHONEOS_DEPLOYMENT_TARGET = 15.0;
				MTL_ENABLE_DEBUG_INFO = INCLUDE_SOURCE;
				MTL_FAST_MATH = YES;
				ONLY_ACTIVE_ARCH = YES;
				SDKROOT = iphoneos;
				SWIFT_ACTIVE_COMPILATION_CONDITIONS = DEBUG;
				SWIFT_OPTIMIZATION_LEVEL = "-Onone";
			};
			name = Debug;
		};
		C51503B727D7C349009F0DCD /* Release */ = {
			isa = XCBuildConfiguration;
			buildSettings = {
				ALWAYS_SEARCH_USER_PATHS = NO;
				CLANG_ANALYZER_LOCALIZABILITY_NONLOCALIZED = YES;
				CLANG_ANALYZER_NONNULL = YES;
				CLANG_ANALYZER_NUMBER_OBJECT_CONVERSION = YES_AGGRESSIVE;
				CLANG_CXX_LANGUAGE_STANDARD = "gnu++17";
				CLANG_CXX_LIBRARY = "libc++";
				CLANG_ENABLE_MODULES = YES;
				CLANG_ENABLE_OBJC_ARC = YES;
				CLANG_ENABLE_OBJC_WEAK = YES;
				CLANG_WARN_BLOCK_CAPTURE_AUTORELEASING = YES;
				CLANG_WARN_BOOL_CONVERSION = YES;
				CLANG_WARN_COMMA = YES;
				CLANG_WARN_CONSTANT_CONVERSION = YES;
				CLANG_WARN_DEPRECATED_OBJC_IMPLEMENTATIONS = YES;
				CLANG_WARN_DIRECT_OBJC_ISA_USAGE = YES_ERROR;
				CLANG_WARN_DOCUMENTATION_COMMENTS = YES;
				CLANG_WARN_EMPTY_BODY = YES;
				CLANG_WARN_ENUM_CONVERSION = YES;
				CLANG_WARN_INFINITE_RECURSION = YES;
				CLANG_WARN_INT_CONVERSION = YES;
				CLANG_WARN_NON_LITERAL_NULL_CONVERSION = YES;
				CLANG_WARN_OBJC_IMPLICIT_RETAIN_SELF = YES;
				CLANG_WARN_OBJC_LITERAL_CONVERSION = YES;
				CLANG_WARN_OBJC_ROOT_CLASS = YES_ERROR;
				CLANG_WARN_QUOTED_INCLUDE_IN_FRAMEWORK_HEADER = YES;
				CLANG_WARN_RANGE_LOOP_ANALYSIS = YES;
				CLANG_WARN_STRICT_PROTOTYPES = YES;
				CLANG_WARN_SUSPICIOUS_MOVE = YES;
				CLANG_WARN_UNGUARDED_AVAILABILITY = YES_AGGRESSIVE;
				CLANG_WARN_UNREACHABLE_CODE = YES;
				CLANG_WARN__DUPLICATE_METHOD_MATCH = YES;
				COPY_PHASE_STRIP = NO;
				DEBUG_INFORMATION_FORMAT = "dwarf-with-dsym";
				ENABLE_NS_ASSERTIONS = NO;
				ENABLE_STRICT_OBJC_MSGSEND = YES;
				GCC_C_LANGUAGE_STANDARD = gnu11;
				GCC_NO_COMMON_BLOCKS = YES;
				GCC_WARN_64_TO_32_BIT_CONVERSION = YES;
				GCC_WARN_ABOUT_RETURN_TYPE = YES_ERROR;
				GCC_WARN_UNDECLARED_SELECTOR = YES;
				GCC_WARN_UNINITIALIZED_AUTOS = YES_AGGRESSIVE;
				GCC_WARN_UNUSED_FUNCTION = YES;
				GCC_WARN_UNUSED_VARIABLE = YES;
				IPHONEOS_DEPLOYMENT_TARGET = 15.0;
				MTL_ENABLE_DEBUG_INFO = NO;
				MTL_FAST_MATH = YES;
				SDKROOT = iphoneos;
				SWIFT_COMPILATION_MODE = wholemodule;
				SWIFT_OPTIMIZATION_LEVEL = "-O";
				VALIDATE_PRODUCT = YES;
			};
			name = Release;
		};
		C51503B927D7C349009F0DCD /* Debug */ = {
			isa = XCBuildConfiguration;
			buildSettings = {
				ALWAYS_EMBED_SWIFT_STANDARD_LIBRARIES = YES;
				ASSETCATALOG_COMPILER_APPICON_NAME = AppIcon;
				ASSETCATALOG_COMPILER_GLOBAL_ACCENT_COLOR_NAME = AccentColor;
				CODE_SIGN_ENTITLEMENTS = "My Spot/My Spot.entitlements";
				CODE_SIGN_STYLE = Automatic;
				CURRENT_PROJECT_VERSION = 1;
				DEVELOPMENT_ASSET_PATHS = "\"My Spot/Preview Content\"";
				DEVELOPMENT_TEAM = 2HAP7LLHCJ;
				ENABLE_PREVIEWS = YES;
				GENERATE_INFOPLIST_FILE = YES;
				INFOPLIST_FILE = "My-Spot-Info.plist";
				INFOPLIST_KEY_CFBundleDisplayName = "My Spot";
				INFOPLIST_KEY_NSCameraUsageDescription = "My Spot needs your camera to save a picture of your spot";
				INFOPLIST_KEY_NSLocationWhenInUseUsageDescription = "My Spot needs your location to save and view your spots";
				INFOPLIST_KEY_UIApplicationSupportsIndirectInputEvents = YES;
				INFOPLIST_KEY_UILaunchStoryboardName = LaunchScreen;
				INFOPLIST_KEY_UIRequiresFullScreen = YES;
				INFOPLIST_KEY_UIStatusBarHidden = NO;
				INFOPLIST_KEY_UISupportedInterfaceOrientations = UIInterfaceOrientationPortrait;
				INFOPLIST_KEY_UISupportedInterfaceOrientations_iPhone = UIInterfaceOrientationPortrait;
				IPHONEOS_DEPLOYMENT_TARGET = 15.0;
				LD_RUNPATH_SEARCH_PATHS = (
					"$(inherited)",
					"@executable_path/Frameworks",
				);
				MARKETING_VERSION = 2.0.0;
				PRODUCT_BUNDLE_IDENTIFIER = "com.isaacpaschall.My-Spot";
				PRODUCT_NAME = "$(TARGET_NAME)";
				SUPPORTS_MACCATALYST = NO;
				SUPPORTS_MAC_DESIGNED_FOR_IPHONE_IPAD = YES;
				SWIFT_EMIT_LOC_STRINGS = YES;
				SWIFT_VERSION = 5.0;
				TARGETED_DEVICE_FAMILY = "1,2";
			};
			name = Debug;
		};
		C51503BA27D7C349009F0DCD /* Release */ = {
			isa = XCBuildConfiguration;
			buildSettings = {
				ALWAYS_EMBED_SWIFT_STANDARD_LIBRARIES = YES;
				ASSETCATALOG_COMPILER_APPICON_NAME = AppIcon;
				ASSETCATALOG_COMPILER_GLOBAL_ACCENT_COLOR_NAME = AccentColor;
				CODE_SIGN_ENTITLEMENTS = "My Spot/My Spot.entitlements";
				CODE_SIGN_STYLE = Automatic;
				CURRENT_PROJECT_VERSION = 1;
				DEVELOPMENT_ASSET_PATHS = "\"My Spot/Preview Content\"";
				DEVELOPMENT_TEAM = 2HAP7LLHCJ;
				ENABLE_PREVIEWS = YES;
				GENERATE_INFOPLIST_FILE = YES;
				INFOPLIST_FILE = "My-Spot-Info.plist";
				INFOPLIST_KEY_CFBundleDisplayName = "My Spot";
				INFOPLIST_KEY_NSCameraUsageDescription = "My Spot needs your camera to save a picture of your spot";
				INFOPLIST_KEY_NSLocationWhenInUseUsageDescription = "My Spot needs your location to save and view your spots";
				INFOPLIST_KEY_UIApplicationSupportsIndirectInputEvents = YES;
				INFOPLIST_KEY_UILaunchStoryboardName = LaunchScreen;
				INFOPLIST_KEY_UIRequiresFullScreen = YES;
				INFOPLIST_KEY_UIStatusBarHidden = NO;
				INFOPLIST_KEY_UISupportedInterfaceOrientations = UIInterfaceOrientationPortrait;
				INFOPLIST_KEY_UISupportedInterfaceOrientations_iPhone = UIInterfaceOrientationPortrait;
				IPHONEOS_DEPLOYMENT_TARGET = 15.0;
				LD_RUNPATH_SEARCH_PATHS = (
					"$(inherited)",
					"@executable_path/Frameworks",
				);
				MARKETING_VERSION = 2.0.0;
				PRODUCT_BUNDLE_IDENTIFIER = "com.isaacpaschall.My-Spot";
				PRODUCT_NAME = "$(TARGET_NAME)";
				SUPPORTS_MACCATALYST = NO;
				SUPPORTS_MAC_DESIGNED_FOR_IPHONE_IPAD = YES;
				SWIFT_EMIT_LOC_STRINGS = YES;
				SWIFT_VERSION = 5.0;
				TARGETED_DEVICE_FAMILY = "1,2";
			};
			name = Release;
		};
		C5266ADA283EBF0100A923A1 /* Debug */ = {
			isa = XCBuildConfiguration;
			buildSettings = {
				ASSETCATALOG_COMPILER_APPICON_NAME = "iMessage App Icon";
				CODE_SIGN_ENTITLEMENTS = mySpotiMsg/mySpotiMsg.entitlements;
				CODE_SIGN_STYLE = Automatic;
				CURRENT_PROJECT_VERSION = 1;
				DEVELOPMENT_TEAM = 2HAP7LLHCJ;
				GENERATE_INFOPLIST_FILE = YES;
				INFOPLIST_FILE = mySpotiMsg/Info.plist;
				INFOPLIST_KEY_CFBundleDisplayName = "My Spot";
				INFOPLIST_KEY_NSHumanReadableCopyright = "";
				IPHONEOS_DEPLOYMENT_TARGET = 15.0;
				LD_RUNPATH_SEARCH_PATHS = (
					"$(inherited)",
					"@executable_path/Frameworks",
					"@executable_path/../../Frameworks",
				);
				MARKETING_VERSION = 2.0.0;
				PRODUCT_BUNDLE_IDENTIFIER = "com.isaacpaschall.My-Spot.mySpotiMsg";
				PRODUCT_NAME = "$(TARGET_NAME)";
				SKIP_INSTALL = YES;
				SUPPORTS_MACCATALYST = NO;
				SWIFT_EMIT_LOC_STRINGS = YES;
				SWIFT_VERSION = 5.0;
				TARGETED_DEVICE_FAMILY = "1,2";
			};
			name = Debug;
		};
		C5266ADB283EBF0100A923A1 /* Release */ = {
			isa = XCBuildConfiguration;
			buildSettings = {
				ASSETCATALOG_COMPILER_APPICON_NAME = "iMessage App Icon";
				CODE_SIGN_ENTITLEMENTS = mySpotiMsg/mySpotiMsg.entitlements;
				CODE_SIGN_STYLE = Automatic;
				CURRENT_PROJECT_VERSION = 1;
				DEVELOPMENT_TEAM = 2HAP7LLHCJ;
				GENERATE_INFOPLIST_FILE = YES;
				INFOPLIST_FILE = mySpotiMsg/Info.plist;
				INFOPLIST_KEY_CFBundleDisplayName = "My Spot";
				INFOPLIST_KEY_NSHumanReadableCopyright = "";
				IPHONEOS_DEPLOYMENT_TARGET = 15.0;
				LD_RUNPATH_SEARCH_PATHS = (
					"$(inherited)",
					"@executable_path/Frameworks",
					"@executable_path/../../Frameworks",
				);
				MARKETING_VERSION = 2.0.0;
				PRODUCT_BUNDLE_IDENTIFIER = "com.isaacpaschall.My-Spot.mySpotiMsg";
				PRODUCT_NAME = "$(TARGET_NAME)";
				SKIP_INSTALL = YES;
				SUPPORTS_MACCATALYST = NO;
				SWIFT_EMIT_LOC_STRINGS = YES;
				SWIFT_VERSION = 5.0;
				TARGETED_DEVICE_FAMILY = "1,2";
			};
			name = Release;
		};
		C5D2955C2823719300FBA01E /* Debug */ = {
			isa = XCBuildConfiguration;
			buildSettings = {
				ASSETCATALOG_COMPILER_GLOBAL_ACCENT_COLOR_NAME = AccentColor;
				ASSETCATALOG_COMPILER_WIDGET_BACKGROUND_COLOR_NAME = WidgetBackground;
				CODE_SIGN_ENTITLEMENTS = MySpotWidgetExtension.entitlements;
				CODE_SIGN_STYLE = Automatic;
				CURRENT_PROJECT_VERSION = 1;
				DEVELOPMENT_TEAM = 2HAP7LLHCJ;
				GENERATE_INFOPLIST_FILE = YES;
				INFOPLIST_FILE = MySpotWidget/Info.plist;
				INFOPLIST_KEY_CFBundleDisplayName = "My Spot";
				INFOPLIST_KEY_NSHumanReadableCopyright = "";
				INFOPLIST_KEY_NSLocationWhenInUseUsageDescription = "My Spot needs your location to provide spots closest to you.";
				IPHONEOS_DEPLOYMENT_TARGET = 15.0;
				LD_RUNPATH_SEARCH_PATHS = (
					"$(inherited)",
					"@executable_path/Frameworks",
					"@executable_path/../../Frameworks",
				);
				MARKETING_VERSION = 2.0.0;
				PRODUCT_BUNDLE_IDENTIFIER = "com.isaacpaschall.My-Spot.w";
				PRODUCT_NAME = "$(TARGET_NAME)";
				SKIP_INSTALL = YES;
				SUPPORTS_MACCATALYST = NO;
				SWIFT_EMIT_LOC_STRINGS = YES;
				SWIFT_VERSION = 5.0;
				TARGETED_DEVICE_FAMILY = "1,2";
			};
			name = Debug;
		};
		C5D2955D2823719300FBA01E /* Release */ = {
			isa = XCBuildConfiguration;
			buildSettings = {
				ASSETCATALOG_COMPILER_GLOBAL_ACCENT_COLOR_NAME = AccentColor;
				ASSETCATALOG_COMPILER_WIDGET_BACKGROUND_COLOR_NAME = WidgetBackground;
				CODE_SIGN_ENTITLEMENTS = MySpotWidgetExtension.entitlements;
				CODE_SIGN_STYLE = Automatic;
				CURRENT_PROJECT_VERSION = 1;
				DEVELOPMENT_TEAM = 2HAP7LLHCJ;
				GENERATE_INFOPLIST_FILE = YES;
				INFOPLIST_FILE = MySpotWidget/Info.plist;
				INFOPLIST_KEY_CFBundleDisplayName = "My Spot";
				INFOPLIST_KEY_NSHumanReadableCopyright = "";
				INFOPLIST_KEY_NSLocationWhenInUseUsageDescription = "My Spot needs your location to provide spots closest to you.";
				IPHONEOS_DEPLOYMENT_TARGET = 15.0;
				LD_RUNPATH_SEARCH_PATHS = (
					"$(inherited)",
					"@executable_path/Frameworks",
					"@executable_path/../../Frameworks",
				);
				MARKETING_VERSION = 2.0.0;
				PRODUCT_BUNDLE_IDENTIFIER = "com.isaacpaschall.My-Spot.w";
				PRODUCT_NAME = "$(TARGET_NAME)";
				SKIP_INSTALL = YES;
				SUPPORTS_MACCATALYST = NO;
				SWIFT_EMIT_LOC_STRINGS = YES;
				SWIFT_VERSION = 5.0;
				TARGETED_DEVICE_FAMILY = "1,2";
			};
			name = Release;
		};
/* End XCBuildConfiguration section */

/* Begin XCConfigurationList section */
		C5071594282584AD000F344C /* Build configuration list for PBXNativeTarget "MySpotWatch WatchKit Extension" */ = {
			isa = XCConfigurationList;
			buildConfigurations = (
				C5071592282584AD000F344C /* Debug */,
				C5071593282584AD000F344C /* Release */,
			);
			defaultConfigurationIsVisible = 0;
			defaultConfigurationName = Release;
		};
		C5071595282584AD000F344C /* Build configuration list for PBXNativeTarget "MySpotWatch" */ = {
			isa = XCConfigurationList;
			buildConfigurations = (
				C507158F282584AD000F344C /* Debug */,
				C5071590282584AD000F344C /* Release */,
			);
			defaultConfigurationIsVisible = 0;
			defaultConfigurationName = Release;
		};
		C51503A527D7C347009F0DCD /* Build configuration list for PBXProject "My Spot" */ = {
			isa = XCConfigurationList;
			buildConfigurations = (
				C51503B627D7C349009F0DCD /* Debug */,
				C51503B727D7C349009F0DCD /* Release */,
			);
			defaultConfigurationIsVisible = 0;
			defaultConfigurationName = Release;
		};
		C51503B827D7C349009F0DCD /* Build configuration list for PBXNativeTarget "My Spot" */ = {
			isa = XCConfigurationList;
			buildConfigurations = (
				C51503B927D7C349009F0DCD /* Debug */,
				C51503BA27D7C349009F0DCD /* Release */,
			);
			defaultConfigurationIsVisible = 0;
			defaultConfigurationName = Release;
		};
		C5266ADC283EBF0100A923A1 /* Build configuration list for PBXNativeTarget "mySpotiMsg" */ = {
			isa = XCConfigurationList;
			buildConfigurations = (
				C5266ADA283EBF0100A923A1 /* Debug */,
				C5266ADB283EBF0100A923A1 /* Release */,
			);
			defaultConfigurationIsVisible = 0;
			defaultConfigurationName = Release;
		};
		C5D2955B2823719300FBA01E /* Build configuration list for PBXNativeTarget "MySpotWidgetExtension" */ = {
			isa = XCConfigurationList;
			buildConfigurations = (
				C5D2955C2823719300FBA01E /* Debug */,
				C5D2955D2823719300FBA01E /* Release */,
			);
			defaultConfigurationIsVisible = 0;
			defaultConfigurationName = Release;
		};
/* End XCConfigurationList section */

/* Begin XCRemoteSwiftPackageReference section */
		C50CF4A427F122DB001A9698 /* XCRemoteSwiftPackageReference "Mantis" */ = {
			isa = XCRemoteSwiftPackageReference;
			repositoryURL = "https://github.com/guoyingtao/Mantis.git";
			requirement = {
				branch = master;
				kind = branch;
			};
		};
		C58F2BF42830AA42005FA88F /* XCRemoteSwiftPackageReference "Welcome-Sheet" */ = {
			isa = XCRemoteSwiftPackageReference;
			repositoryURL = "https://github.com/MAJKFL/Welcome-Sheet";
			requirement = {
				branch = main;
				kind = branch;
			};
		};
/* End XCRemoteSwiftPackageReference section */

/* Begin XCSwiftPackageProductDependency section */
		C50CF4A527F122DB001A9698 /* Mantis */ = {
			isa = XCSwiftPackageProductDependency;
			package = C50CF4A427F122DB001A9698 /* XCRemoteSwiftPackageReference "Mantis" */;
			productName = Mantis;
		};
		C58F2BF52830AA42005FA88F /* WelcomeSheet */ = {
			isa = XCSwiftPackageProductDependency;
			package = C58F2BF42830AA42005FA88F /* XCRemoteSwiftPackageReference "Welcome-Sheet" */;
			productName = WelcomeSheet;
		};
/* End XCSwiftPackageProductDependency section */

/* Begin XCVersionGroup section */
		C51503DB27D7C856009F0DCD /* Spots.xcdatamodeld */ = {
			isa = XCVersionGroup;
			children = (
				C51503DC27D7C856009F0DCD /* Spots.xcdatamodel */,
			);
			currentVersion = C51503DC27D7C856009F0DCD /* Spots.xcdatamodel */;
			path = Spots.xcdatamodeld;
			sourceTree = "<group>";
			versionGroupType = wrapper.xcdatamodel;
		};
/* End XCVersionGroup section */
	};
	rootObject = C51503A227D7C347009F0DCD /* Project object */;
}
